// !$*UTF8*$!
{
	archiveVersion = 1;
	classes = {
	};
	objectVersion = 56;
	objects = {

/* Begin PBXBuildFile section */
		0518467C2C76DC9300547E8E /* TypesGridRow.swift in Sources */ = {isa = PBXBuildFile; fileRef = 0518467B2C76DC9300547E8E /* TypesGridRow.swift */; };
		0518467F2C76DD4000547E8E /* Icon.xcassets in Resources */ = {isa = PBXBuildFile; fileRef = 0518467E2C76DD4000547E8E /* Icon.xcassets */; };
		051846862C76F6EF00547E8E /* MBTI.swift in Sources */ = {isa = PBXBuildFile; fileRef = 051846852C76F6EF00547E8E /* MBTI.swift */; };
		051ABA1D2C61B55D0090F466 /* SignUpView.swift in Sources */ = {isa = PBXBuildFile; fileRef = 051ABA1C2C61B55D0090F466 /* SignUpView.swift */; };
		051ABA232C61C1500090F466 /* FMButton.swift in Sources */ = {isa = PBXBuildFile; fileRef = 051ABA222C61C1500090F466 /* FMButton.swift */; };
		053B702E2C6B3F76001DBF90 /* FMAlertContainer.swift in Sources */ = {isa = PBXBuildFile; fileRef = 053B702D2C6B3F76001DBF90 /* FMAlertContainer.swift */; };
		053B70312C6B40C9001DBF90 /* FMAlertButton.swift in Sources */ = {isa = PBXBuildFile; fileRef = 053B70302C6B40C9001DBF90 /* FMAlertButton.swift */; };
		055022942C65E5860031330E /* UserInfo.swift in Sources */ = {isa = PBXBuildFile; fileRef = 055022932C65E5860031330E /* UserInfo.swift */; };
		055022962C65E9A80031330E /* FMError.swift in Sources */ = {isa = PBXBuildFile; fileRef = 055022952C65E9A80031330E /* FMError.swift */; };
		0564D9442C63124F00102A44 /* FirebaseAnalytics in Frameworks */ = {isa = PBXBuildFile; productRef = 0564D9432C63124F00102A44 /* FirebaseAnalytics */; };
		0564D9462C63126400102A44 /* AppDelegate.swift in Sources */ = {isa = PBXBuildFile; fileRef = 0564D9452C63126400102A44 /* AppDelegate.swift */; };
		0564D9492C6314D900102A44 /* GoogleService-Info.plist in Resources */ = {isa = PBXBuildFile; fileRef = 0564D9482C6314D900102A44 /* GoogleService-Info.plist */; };
		05A708DB2C6C4FE000AE1172 /* FMAlert.swift in Sources */ = {isa = PBXBuildFile; fileRef = 05A708DA2C6C4FE000AE1172 /* FMAlert.swift */; };
		05A708E02C6C64F000AE1172 /* View+.swift in Sources */ = {isa = PBXBuildFile; fileRef = 05A708DF2C6C64F000AE1172 /* View+.swift */; };
		05A708E22C6C686700AE1172 /* FMDefaultAlert.swift in Sources */ = {isa = PBXBuildFile; fileRef = 05A708E12C6C686700AE1172 /* FMDefaultAlert.swift */; };
		05A708E72C6C748C00AE1172 /* LoadingView.swift in Sources */ = {isa = PBXBuildFile; fileRef = 05A708E62C6C748C00AE1172 /* LoadingView.swift */; };
		05A708EC2C6CA10C00AE1172 /* HomeView.swift in Sources */ = {isa = PBXBuildFile; fileRef = 05A708EB2C6CA10C00AE1172 /* HomeView.swift */; };
		05B7DC002C733A9C00E43519 /* SignUpCore.swift in Sources */ = {isa = PBXBuildFile; fileRef = 05B7DBFF2C733A9C00E43519 /* SignUpCore.swift */; };
		05B7DC042C733B7800E43519 /* LoginCoordinator.swift in Sources */ = {isa = PBXBuildFile; fileRef = 05B7DC022C733B7800E43519 /* LoginCoordinator.swift */; };
		05B7DC052C733B7800E43519 /* LoginScreen.swift in Sources */ = {isa = PBXBuildFile; fileRef = 05B7DC032C733B7800E43519 /* LoginScreen.swift */; };
		05B7DC082C733BA400E43519 /* LoginCore.swift in Sources */ = {isa = PBXBuildFile; fileRef = 05B7DC072C733BA400E43519 /* LoginCore.swift */; };
		05B7DC0B2C733CA700E43519 /* HomeCore.swift in Sources */ = {isa = PBXBuildFile; fileRef = 05B7DC0A2C733CA700E43519 /* HomeCore.swift */; };
		05B7DC0E2C733ED700E43519 /* AppCore.swift in Sources */ = {isa = PBXBuildFile; fileRef = 05B7DC0D2C733ED700E43519 /* AppCore.swift */; };
		05BD4A742C64A0B200F5ED99 /* Keyboard+.swift in Sources */ = {isa = PBXBuildFile; fileRef = 05BD4A732C64A0B200F5ED99 /* Keyboard+.swift */; };
		05BD4A7C2C64A9DB00F5ED99 /* LoginEntity.swift in Sources */ = {isa = PBXBuildFile; fileRef = 05BD4A7B2C64A9DB00F5ED99 /* LoginEntity.swift */; };
		05DC6A802C59F75A005BE3BB /* Font+.swift in Sources */ = {isa = PBXBuildFile; fileRef = 05DC6A7F2C59F75A005BE3BB /* Font+.swift */; };
		05DC6A872C5A089E005BE3BB /* FMTextField.swift in Sources */ = {isa = PBXBuildFile; fileRef = 05DC6A862C5A089E005BE3BB /* FMTextField.swift */; };
		05E983E72C6333BB00393D08 /* FirebaseFirestore in Frameworks */ = {isa = PBXBuildFile; productRef = 05E983E62C6333BB00393D08 /* FirebaseFirestore */; };
		05E983EA2C63386800393D08 /* Encodable+.swift in Sources */ = {isa = PBXBuildFile; fileRef = 05E983E92C63386800393D08 /* Encodable+.swift */; };
		05E983ED2C634ADF00393D08 /* SignUpEntity.swift in Sources */ = {isa = PBXBuildFile; fileRef = 05E983EC2C634ADF00393D08 /* SignUpEntity.swift */; };
		05E983F12C634DF300393D08 /* FirestoreService.swift in Sources */ = {isa = PBXBuildFile; fileRef = 05E983F02C634DF300393D08 /* FirestoreService.swift */; };
		05E983F32C634E9A00393D08 /* CollectionTarget.swift in Sources */ = {isa = PBXBuildFile; fileRef = 05E983F22C634E9A00393D08 /* CollectionTarget.swift */; };
		05E983F72C6365A500393D08 /* AuthenticationService.swift in Sources */ = {isa = PBXBuildFile; fileRef = 05E983F62C6365A500393D08 /* AuthenticationService.swift */; };
		05E983F92C63689E00393D08 /* FirebaseAuth in Frameworks */ = {isa = PBXBuildFile; productRef = 05E983F82C63689E00393D08 /* FirebaseAuth */; };
		05F0AFC42C78546900C3507C /* NavigationBar.swift in Sources */ = {isa = PBXBuildFile; fileRef = 05F0AFC22C78546900C3507C /* NavigationBar.swift */; };
		05F0AFCA2C785C0700C3507C /* StateManager.swift in Sources */ = {isa = PBXBuildFile; fileRef = 05F0AFC92C785C0700C3507C /* StateManager.swift */; };
		05F0AFCD2C785C6B00C3507C /* NotiManager.swift in Sources */ = {isa = PBXBuildFile; fileRef = 05F0AFCC2C785C6B00C3507C /* NotiManager.swift */; };
		05F65A702C5B7C960075E7D6 /* LoginView.swift in Sources */ = {isa = PBXBuildFile; fileRef = 05F65A6F2C5B7C960075E7D6 /* LoginView.swift */; };
		8D1365922C70DAD900284DA7 /* AllTypesView.swift in Sources */ = {isa = PBXBuildFile; fileRef = 8D1365912C70DAD900284DA7 /* AllTypesView.swift */; };
		8D1365972C71F28400284DA7 /* TCACoordinators in Frameworks */ = {isa = PBXBuildFile; productRef = 8D1365962C71F28400284DA7 /* TCACoordinators */; };
		8D13659A2C71F89200284DA7 /* ComposableArchitecture in Frameworks */ = {isa = PBXBuildFile; productRef = 8D1365992C71F89200284DA7 /* ComposableArchitecture */; };
		8D13659F2C72089200284DA7 /* FlowStacks in Frameworks */ = {isa = PBXBuildFile; productRef = 8D13659E2C72089200284DA7 /* FlowStacks */; };
		8D1365A32C720B1D00284DA7 /* MainTabCoordinator.swift in Sources */ = {isa = PBXBuildFile; fileRef = 8D1365A22C720B1D00284DA7 /* MainTabCoordinator.swift */; };
		8D1365A92C72106300284DA7 /* MyInfoView.swift in Sources */ = {isa = PBXBuildFile; fileRef = 8D1365A82C72106300284DA7 /* MyInfoView.swift */; };
		8D1365AD2C72117200284DA7 /* HomeCoordinator.swift in Sources */ = {isa = PBXBuildFile; fileRef = 8D1365AC2C72117200284DA7 /* HomeCoordinator.swift */; };
		8D1365AF2C7211C000284DA7 /* HomeScreen.swift in Sources */ = {isa = PBXBuildFile; fileRef = 8D1365AE2C7211C000284DA7 /* HomeScreen.swift */; };
		8D1365B32C721DC700284DA7 /* MyInfoCoordinator.swift in Sources */ = {isa = PBXBuildFile; fileRef = 8D1365B22C721DC700284DA7 /* MyInfoCoordinator.swift */; };
		8D1365B62C721E2D00284DA7 /* MyInfoScreen.swift in Sources */ = {isa = PBXBuildFile; fileRef = 8D1365B52C721E2D00284DA7 /* MyInfoScreen.swift */; };
		8D1E1C1E2BCBFACF0047E618 /* RswiftLibrary in Frameworks */ = {isa = PBXBuildFile; productRef = 8D1E1C1D2BCBFACF0047E618 /* RswiftLibrary */; };
		8D2FB6FD2C6E44010086513D /* SystemImage.swift in Sources */ = {isa = PBXBuildFile; fileRef = 8D2FB6FC2C6E44010086513D /* SystemImage.swift */; };
		8D2FB7002C6E44820086513D /* Image+.swift in Sources */ = {isa = PBXBuildFile; fileRef = 8D2FB6FF2C6E44820086513D /* Image+.swift */; };
		8D2FB7062C6E46580086513D /* RoundedContainerButton.swift in Sources */ = {isa = PBXBuildFile; fileRef = 8D2FB7052C6E46580086513D /* RoundedContainerButton.swift */; };
		8D3C6BE22BA5E69200F44AB7 /* CombineCocoa in Frameworks */ = {isa = PBXBuildFile; productRef = 8D3C6BE12BA5E69200F44AB7 /* CombineCocoa */; };
		8D612F112C7B113600A565AB /* AllTypesCore.swift in Sources */ = {isa = PBXBuildFile; fileRef = 8D612F102C7B113600A565AB /* AllTypesCore.swift */; };
		8D612F1C2C7B124700A565AB /* AllTypesScreen.swift in Sources */ = {isa = PBXBuildFile; fileRef = 8D612F1B2C7B124700A565AB /* AllTypesScreen.swift */; };
		8D612F1E2C7B12AC00A565AB /* AllTypesCoordinator.swift in Sources */ = {isa = PBXBuildFile; fileRef = 8D612F1D2C7B12AC00A565AB /* AllTypesCoordinator.swift */; };
		8D612F232C7B21B100A565AB /* TypeDetailView.swift in Sources */ = {isa = PBXBuildFile; fileRef = 8D612F222C7B21B100A565AB /* TypeDetailView.swift */; };
		8D612F262C7B65C300A565AB /* TypeDetailCore.swift in Sources */ = {isa = PBXBuildFile; fileRef = 8D612F252C7B65C300A565AB /* TypeDetailCore.swift */; };
		8D7BFD412B8229E2001CA0EE /* MySelfApp.swift in Sources */ = {isa = PBXBuildFile; fileRef = 8D7BFD402B8229E2001CA0EE /* MySelfApp.swift */; };
		8D7BFD432B8229E2001CA0EE /* AppView.swift in Sources */ = {isa = PBXBuildFile; fileRef = 8D7BFD422B8229E2001CA0EE /* AppView.swift */; };
		8D7BFD452B8229E3001CA0EE /* Assets.xcassets in Resources */ = {isa = PBXBuildFile; fileRef = 8D7BFD442B8229E3001CA0EE /* Assets.xcassets */; };
		8D7BFD482B8229E3001CA0EE /* Preview Assets.xcassets in Resources */ = {isa = PBXBuildFile; fileRef = 8D7BFD472B8229E3001CA0EE /* Preview Assets.xcassets */; };
		8D7BFD522B8229E3001CA0EE /* FocusMeTests.swift in Sources */ = {isa = PBXBuildFile; fileRef = 8D7BFD512B8229E3001CA0EE /* FocusMeTests.swift */; };
		8D7BFD5C2B8229E3001CA0EE /* FocusMeUITests.swift in Sources */ = {isa = PBXBuildFile; fileRef = 8D7BFD5B2B8229E3001CA0EE /* FocusMeUITests.swift */; };
		8D7BFD5E2B8229E3001CA0EE /* FocusMeUITestsLaunchTests.swift in Sources */ = {isa = PBXBuildFile; fileRef = 8D7BFD5D2B8229E3001CA0EE /* FocusMeUITestsLaunchTests.swift */; };
		8DDC07D42BCD6D260019D478 /* NotoSansKR-ExtraBold.ttf in Resources */ = {isa = PBXBuildFile; fileRef = 8DDC07CB2BCD6D250019D478 /* NotoSansKR-ExtraBold.ttf */; };
		8DDC07D52BCD6D260019D478 /* NotoSansKR-Regular.ttf in Resources */ = {isa = PBXBuildFile; fileRef = 8DDC07CC2BCD6D250019D478 /* NotoSansKR-Regular.ttf */; };
		8DDC07D62BCD6D260019D478 /* NotoSansKR-Black.ttf in Resources */ = {isa = PBXBuildFile; fileRef = 8DDC07CD2BCD6D250019D478 /* NotoSansKR-Black.ttf */; };
		8DDC07D72BCD6D260019D478 /* NotoSansKR-ExtraLight.ttf in Resources */ = {isa = PBXBuildFile; fileRef = 8DDC07CE2BCD6D250019D478 /* NotoSansKR-ExtraLight.ttf */; };
		8DDC07D82BCD6D260019D478 /* NotoSansKR-Light.ttf in Resources */ = {isa = PBXBuildFile; fileRef = 8DDC07CF2BCD6D250019D478 /* NotoSansKR-Light.ttf */; };
		8DDC07D92BCD6D260019D478 /* NotoSansKR-Thin.ttf in Resources */ = {isa = PBXBuildFile; fileRef = 8DDC07D02BCD6D250019D478 /* NotoSansKR-Thin.ttf */; };
		8DDC07DA2BCD6D260019D478 /* NotoSansKR-SemiBold.ttf in Resources */ = {isa = PBXBuildFile; fileRef = 8DDC07D12BCD6D250019D478 /* NotoSansKR-SemiBold.ttf */; };
		8DDC07DB2BCD6D260019D478 /* NotoSansKR-Medium.ttf in Resources */ = {isa = PBXBuildFile; fileRef = 8DDC07D22BCD6D260019D478 /* NotoSansKR-Medium.ttf */; };
		8DDC07DC2BCD6D260019D478 /* NotoSansKR-Bold.ttf in Resources */ = {isa = PBXBuildFile; fileRef = 8DDC07D32BCD6D260019D478 /* NotoSansKR-Bold.ttf */; };
		8DF728BE2BB992AD00F90F1F /* CustomPageIndicator.swift in Sources */ = {isa = PBXBuildFile; fileRef = 8DF728BD2BB992AD00F90F1F /* CustomPageIndicator.swift */; };
/* End PBXBuildFile section */

/* Begin PBXContainerItemProxy section */
		8D7BFD4E2B8229E3001CA0EE /* PBXContainerItemProxy */ = {
			isa = PBXContainerItemProxy;
			containerPortal = 8D7BFD352B8229E2001CA0EE /* Project object */;
			proxyType = 1;
			remoteGlobalIDString = 8D7BFD3C2B8229E2001CA0EE;
			remoteInfo = MySelf;
		};
		8D7BFD582B8229E3001CA0EE /* PBXContainerItemProxy */ = {
			isa = PBXContainerItemProxy;
			containerPortal = 8D7BFD352B8229E2001CA0EE /* Project object */;
			proxyType = 1;
			remoteGlobalIDString = 8D7BFD3C2B8229E2001CA0EE;
			remoteInfo = MySelf;
		};
/* End PBXContainerItemProxy section */

/* Begin PBXFileReference section */
		0518467B2C76DC9300547E8E /* TypesGridRow.swift */ = {isa = PBXFileReference; lastKnownFileType = sourcecode.swift; path = TypesGridRow.swift; sourceTree = "<group>"; };
		0518467E2C76DD4000547E8E /* Icon.xcassets */ = {isa = PBXFileReference; lastKnownFileType = folder.assetcatalog; path = Icon.xcassets; sourceTree = "<group>"; };
		051846852C76F6EF00547E8E /* MBTI.swift */ = {isa = PBXFileReference; lastKnownFileType = sourcecode.swift; path = MBTI.swift; sourceTree = "<group>"; };
		051ABA1C2C61B55D0090F466 /* SignUpView.swift */ = {isa = PBXFileReference; lastKnownFileType = sourcecode.swift; path = SignUpView.swift; sourceTree = "<group>"; };
		051ABA222C61C1500090F466 /* FMButton.swift */ = {isa = PBXFileReference; lastKnownFileType = sourcecode.swift; path = FMButton.swift; sourceTree = "<group>"; };
		053B702D2C6B3F76001DBF90 /* FMAlertContainer.swift */ = {isa = PBXFileReference; lastKnownFileType = sourcecode.swift; path = FMAlertContainer.swift; sourceTree = "<group>"; };
		053B70302C6B40C9001DBF90 /* FMAlertButton.swift */ = {isa = PBXFileReference; lastKnownFileType = sourcecode.swift; path = FMAlertButton.swift; sourceTree = "<group>"; };
		055022932C65E5860031330E /* UserInfo.swift */ = {isa = PBXFileReference; lastKnownFileType = sourcecode.swift; path = UserInfo.swift; sourceTree = "<group>"; };
		055022952C65E9A80031330E /* FMError.swift */ = {isa = PBXFileReference; lastKnownFileType = sourcecode.swift; path = FMError.swift; sourceTree = "<group>"; };
		0564D9452C63126400102A44 /* AppDelegate.swift */ = {isa = PBXFileReference; lastKnownFileType = sourcecode.swift; path = AppDelegate.swift; sourceTree = "<group>"; };
		0564D9482C6314D900102A44 /* GoogleService-Info.plist */ = {isa = PBXFileReference; fileEncoding = 4; lastKnownFileType = text.plist.xml; path = "GoogleService-Info.plist"; sourceTree = "<group>"; };
		05A708DA2C6C4FE000AE1172 /* FMAlert.swift */ = {isa = PBXFileReference; lastKnownFileType = sourcecode.swift; path = FMAlert.swift; sourceTree = "<group>"; };
		05A708DF2C6C64F000AE1172 /* View+.swift */ = {isa = PBXFileReference; lastKnownFileType = sourcecode.swift; path = "View+.swift"; sourceTree = "<group>"; };
		05A708E12C6C686700AE1172 /* FMDefaultAlert.swift */ = {isa = PBXFileReference; lastKnownFileType = sourcecode.swift; path = FMDefaultAlert.swift; sourceTree = "<group>"; };
		05A708E62C6C748C00AE1172 /* LoadingView.swift */ = {isa = PBXFileReference; lastKnownFileType = sourcecode.swift; path = LoadingView.swift; sourceTree = "<group>"; };
		05A708EB2C6CA10C00AE1172 /* HomeView.swift */ = {isa = PBXFileReference; lastKnownFileType = sourcecode.swift; path = HomeView.swift; sourceTree = "<group>"; };
		05B7DBFF2C733A9C00E43519 /* SignUpCore.swift */ = {isa = PBXFileReference; lastKnownFileType = sourcecode.swift; path = SignUpCore.swift; sourceTree = "<group>"; };
		05B7DC022C733B7800E43519 /* LoginCoordinator.swift */ = {isa = PBXFileReference; fileEncoding = 4; lastKnownFileType = sourcecode.swift; path = LoginCoordinator.swift; sourceTree = "<group>"; };
		05B7DC032C733B7800E43519 /* LoginScreen.swift */ = {isa = PBXFileReference; fileEncoding = 4; lastKnownFileType = sourcecode.swift; path = LoginScreen.swift; sourceTree = "<group>"; };
		05B7DC072C733BA400E43519 /* LoginCore.swift */ = {isa = PBXFileReference; lastKnownFileType = sourcecode.swift; path = LoginCore.swift; sourceTree = "<group>"; };
		05B7DC0A2C733CA700E43519 /* HomeCore.swift */ = {isa = PBXFileReference; lastKnownFileType = sourcecode.swift; path = HomeCore.swift; sourceTree = "<group>"; };
		05B7DC0D2C733ED700E43519 /* AppCore.swift */ = {isa = PBXFileReference; lastKnownFileType = sourcecode.swift; path = AppCore.swift; sourceTree = "<group>"; };
		05BD4A732C64A0B200F5ED99 /* Keyboard+.swift */ = {isa = PBXFileReference; lastKnownFileType = sourcecode.swift; path = "Keyboard+.swift"; sourceTree = "<group>"; };
		05BD4A7B2C64A9DB00F5ED99 /* LoginEntity.swift */ = {isa = PBXFileReference; lastKnownFileType = sourcecode.swift; path = LoginEntity.swift; sourceTree = "<group>"; };
		05DC6A7F2C59F75A005BE3BB /* Font+.swift */ = {isa = PBXFileReference; lastKnownFileType = sourcecode.swift; path = "Font+.swift"; sourceTree = "<group>"; };
		05DC6A862C5A089E005BE3BB /* FMTextField.swift */ = {isa = PBXFileReference; lastKnownFileType = sourcecode.swift; path = FMTextField.swift; sourceTree = "<group>"; };
		05E983E92C63386800393D08 /* Encodable+.swift */ = {isa = PBXFileReference; lastKnownFileType = sourcecode.swift; path = "Encodable+.swift"; sourceTree = "<group>"; };
		05E983EC2C634ADF00393D08 /* SignUpEntity.swift */ = {isa = PBXFileReference; lastKnownFileType = sourcecode.swift; path = SignUpEntity.swift; sourceTree = "<group>"; };
		05E983F02C634DF300393D08 /* FirestoreService.swift */ = {isa = PBXFileReference; lastKnownFileType = sourcecode.swift; path = FirestoreService.swift; sourceTree = "<group>"; };
		05E983F22C634E9A00393D08 /* CollectionTarget.swift */ = {isa = PBXFileReference; lastKnownFileType = sourcecode.swift; path = CollectionTarget.swift; sourceTree = "<group>"; };
		05E983F62C6365A500393D08 /* AuthenticationService.swift */ = {isa = PBXFileReference; lastKnownFileType = sourcecode.swift; path = AuthenticationService.swift; sourceTree = "<group>"; };
		05F0AFC22C78546900C3507C /* NavigationBar.swift */ = {isa = PBXFileReference; fileEncoding = 4; lastKnownFileType = sourcecode.swift; path = NavigationBar.swift; sourceTree = "<group>"; };
		05F0AFC92C785C0700C3507C /* StateManager.swift */ = {isa = PBXFileReference; lastKnownFileType = sourcecode.swift; path = StateManager.swift; sourceTree = "<group>"; };
		05F0AFCC2C785C6B00C3507C /* NotiManager.swift */ = {isa = PBXFileReference; lastKnownFileType = sourcecode.swift; path = NotiManager.swift; sourceTree = "<group>"; };
		05F65A6F2C5B7C960075E7D6 /* LoginView.swift */ = {isa = PBXFileReference; lastKnownFileType = sourcecode.swift; path = LoginView.swift; sourceTree = "<group>"; };
		8D1365912C70DAD900284DA7 /* AllTypesView.swift */ = {isa = PBXFileReference; lastKnownFileType = sourcecode.swift; path = AllTypesView.swift; sourceTree = "<group>"; };
		8D1365A22C720B1D00284DA7 /* MainTabCoordinator.swift */ = {isa = PBXFileReference; lastKnownFileType = sourcecode.swift; path = MainTabCoordinator.swift; sourceTree = "<group>"; };
		8D1365A82C72106300284DA7 /* MyInfoView.swift */ = {isa = PBXFileReference; lastKnownFileType = sourcecode.swift; path = MyInfoView.swift; sourceTree = "<group>"; };
		8D1365AC2C72117200284DA7 /* HomeCoordinator.swift */ = {isa = PBXFileReference; lastKnownFileType = sourcecode.swift; path = HomeCoordinator.swift; sourceTree = "<group>"; };
		8D1365AE2C7211C000284DA7 /* HomeScreen.swift */ = {isa = PBXFileReference; lastKnownFileType = sourcecode.swift; path = HomeScreen.swift; sourceTree = "<group>"; };
		8D1365B22C721DC700284DA7 /* MyInfoCoordinator.swift */ = {isa = PBXFileReference; lastKnownFileType = sourcecode.swift; path = MyInfoCoordinator.swift; sourceTree = "<group>"; };
		8D1365B52C721E2D00284DA7 /* MyInfoScreen.swift */ = {isa = PBXFileReference; lastKnownFileType = sourcecode.swift; path = MyInfoScreen.swift; sourceTree = "<group>"; };
		8D2FB6FC2C6E44010086513D /* SystemImage.swift */ = {isa = PBXFileReference; fileEncoding = 4; lastKnownFileType = sourcecode.swift; path = SystemImage.swift; sourceTree = "<group>"; };
		8D2FB6FF2C6E44820086513D /* Image+.swift */ = {isa = PBXFileReference; fileEncoding = 4; lastKnownFileType = sourcecode.swift; path = "Image+.swift"; sourceTree = "<group>"; };
		8D2FB7052C6E46580086513D /* RoundedContainerButton.swift */ = {isa = PBXFileReference; lastKnownFileType = sourcecode.swift; path = RoundedContainerButton.swift; sourceTree = "<group>"; };
		8D612F102C7B113600A565AB /* AllTypesCore.swift */ = {isa = PBXFileReference; lastKnownFileType = sourcecode.swift; path = AllTypesCore.swift; sourceTree = "<group>"; };
		8D612F1B2C7B124700A565AB /* AllTypesScreen.swift */ = {isa = PBXFileReference; lastKnownFileType = sourcecode.swift; path = AllTypesScreen.swift; sourceTree = "<group>"; };
		8D612F1D2C7B12AC00A565AB /* AllTypesCoordinator.swift */ = {isa = PBXFileReference; lastKnownFileType = sourcecode.swift; path = AllTypesCoordinator.swift; sourceTree = "<group>"; };
		8D612F222C7B21B100A565AB /* TypeDetailView.swift */ = {isa = PBXFileReference; lastKnownFileType = sourcecode.swift; path = TypeDetailView.swift; sourceTree = "<group>"; };
		8D612F252C7B65C300A565AB /* TypeDetailCore.swift */ = {isa = PBXFileReference; lastKnownFileType = sourcecode.swift; path = TypeDetailCore.swift; sourceTree = "<group>"; };
		8D7BFD3D2B8229E2001CA0EE /* FocusMe.app */ = {isa = PBXFileReference; explicitFileType = wrapper.application; includeInIndex = 0; path = FocusMe.app; sourceTree = BUILT_PRODUCTS_DIR; };
		8D7BFD402B8229E2001CA0EE /* MySelfApp.swift */ = {isa = PBXFileReference; lastKnownFileType = sourcecode.swift; path = MySelfApp.swift; sourceTree = "<group>"; };
		8D7BFD422B8229E2001CA0EE /* AppView.swift */ = {isa = PBXFileReference; lastKnownFileType = sourcecode.swift; path = AppView.swift; sourceTree = "<group>"; };
		8D7BFD442B8229E3001CA0EE /* Assets.xcassets */ = {isa = PBXFileReference; lastKnownFileType = folder.assetcatalog; path = Assets.xcassets; sourceTree = "<group>"; };
		8D7BFD472B8229E3001CA0EE /* Preview Assets.xcassets */ = {isa = PBXFileReference; lastKnownFileType = folder.assetcatalog; path = "Preview Assets.xcassets"; sourceTree = "<group>"; };
		8D7BFD4D2B8229E3001CA0EE /* FocusMeTests.xctest */ = {isa = PBXFileReference; explicitFileType = wrapper.cfbundle; includeInIndex = 0; path = FocusMeTests.xctest; sourceTree = BUILT_PRODUCTS_DIR; };
		8D7BFD512B8229E3001CA0EE /* FocusMeTests.swift */ = {isa = PBXFileReference; lastKnownFileType = sourcecode.swift; path = FocusMeTests.swift; sourceTree = "<group>"; };
		8D7BFD572B8229E3001CA0EE /* FocusMeUITests.xctest */ = {isa = PBXFileReference; explicitFileType = wrapper.cfbundle; includeInIndex = 0; path = FocusMeUITests.xctest; sourceTree = BUILT_PRODUCTS_DIR; };
		8D7BFD5B2B8229E3001CA0EE /* FocusMeUITests.swift */ = {isa = PBXFileReference; lastKnownFileType = sourcecode.swift; path = FocusMeUITests.swift; sourceTree = "<group>"; };
		8D7BFD5D2B8229E3001CA0EE /* FocusMeUITestsLaunchTests.swift */ = {isa = PBXFileReference; lastKnownFileType = sourcecode.swift; path = FocusMeUITestsLaunchTests.swift; sourceTree = "<group>"; };
		8DDC07CB2BCD6D250019D478 /* NotoSansKR-ExtraBold.ttf */ = {isa = PBXFileReference; lastKnownFileType = file; path = "NotoSansKR-ExtraBold.ttf"; sourceTree = "<group>"; };
		8DDC07CC2BCD6D250019D478 /* NotoSansKR-Regular.ttf */ = {isa = PBXFileReference; lastKnownFileType = file; path = "NotoSansKR-Regular.ttf"; sourceTree = "<group>"; };
		8DDC07CD2BCD6D250019D478 /* NotoSansKR-Black.ttf */ = {isa = PBXFileReference; lastKnownFileType = file; path = "NotoSansKR-Black.ttf"; sourceTree = "<group>"; };
		8DDC07CE2BCD6D250019D478 /* NotoSansKR-ExtraLight.ttf */ = {isa = PBXFileReference; lastKnownFileType = file; path = "NotoSansKR-ExtraLight.ttf"; sourceTree = "<group>"; };
		8DDC07CF2BCD6D250019D478 /* NotoSansKR-Light.ttf */ = {isa = PBXFileReference; lastKnownFileType = file; path = "NotoSansKR-Light.ttf"; sourceTree = "<group>"; };
		8DDC07D02BCD6D250019D478 /* NotoSansKR-Thin.ttf */ = {isa = PBXFileReference; lastKnownFileType = file; path = "NotoSansKR-Thin.ttf"; sourceTree = "<group>"; };
		8DDC07D12BCD6D250019D478 /* NotoSansKR-SemiBold.ttf */ = {isa = PBXFileReference; lastKnownFileType = file; path = "NotoSansKR-SemiBold.ttf"; sourceTree = "<group>"; };
		8DDC07D22BCD6D260019D478 /* NotoSansKR-Medium.ttf */ = {isa = PBXFileReference; lastKnownFileType = file; path = "NotoSansKR-Medium.ttf"; sourceTree = "<group>"; };
		8DDC07D32BCD6D260019D478 /* NotoSansKR-Bold.ttf */ = {isa = PBXFileReference; lastKnownFileType = file; path = "NotoSansKR-Bold.ttf"; sourceTree = "<group>"; };
		8DDC07DE2BCD6D700019D478 /* Info.plist */ = {isa = PBXFileReference; lastKnownFileType = text.plist; path = Info.plist; sourceTree = "<group>"; };
		8DF728BD2BB992AD00F90F1F /* CustomPageIndicator.swift */ = {isa = PBXFileReference; fileEncoding = 4; lastKnownFileType = sourcecode.swift; path = CustomPageIndicator.swift; sourceTree = "<group>"; };
/* End PBXFileReference section */

/* Begin PBXFrameworksBuildPhase section */
		8D7BFD3A2B8229E2001CA0EE /* Frameworks */ = {
			isa = PBXFrameworksBuildPhase;
			buildActionMask = 2147483647;
			files = (
				8D1E1C1E2BCBFACF0047E618 /* RswiftLibrary in Frameworks */,
				05E983F92C63689E00393D08 /* FirebaseAuth in Frameworks */,
				8D13659A2C71F89200284DA7 /* ComposableArchitecture in Frameworks */,
				8D13659F2C72089200284DA7 /* FlowStacks in Frameworks */,
				05E983E72C6333BB00393D08 /* FirebaseFirestore in Frameworks */,
				8D3C6BE22BA5E69200F44AB7 /* CombineCocoa in Frameworks */,
				8D1365972C71F28400284DA7 /* TCACoordinators in Frameworks */,
				0564D9442C63124F00102A44 /* FirebaseAnalytics in Frameworks */,
			);
			runOnlyForDeploymentPostprocessing = 0;
		};
		8D7BFD4A2B8229E3001CA0EE /* Frameworks */ = {
			isa = PBXFrameworksBuildPhase;
			buildActionMask = 2147483647;
			files = (
			);
			runOnlyForDeploymentPostprocessing = 0;
		};
		8D7BFD542B8229E3001CA0EE /* Frameworks */ = {
			isa = PBXFrameworksBuildPhase;
			buildActionMask = 2147483647;
			files = (
			);
			runOnlyForDeploymentPostprocessing = 0;
		};
/* End PBXFrameworksBuildPhase section */

/* Begin PBXGroup section */
		051846782C76DC3500547E8E /* Component */ = {
			isa = PBXGroup;
			children = (
				0518467B2C76DC9300547E8E /* TypesGridRow.swift */,
			);
			path = Component;
			sourceTree = "<group>";
		};
		051846822C76F6E100547E8E /* Entity */ = {
			isa = PBXGroup;
			children = (
				051846852C76F6EF00547E8E /* MBTI.swift */,
			);
			path = Entity;
			sourceTree = "<group>";
		};
		051ABA1B2C61B53E0090F466 /* SignUp */ = {
			isa = PBXGroup;
			children = (
				05E983EB2C634ACF00393D08 /* Entity */,
				05B7DBFF2C733A9C00E43519 /* SignUpCore.swift */,
				051ABA1C2C61B55D0090F466 /* SignUpView.swift */,
			);
			path = SignUp;
			sourceTree = "<group>";
		};
		051ABA202C61C1480090F466 /* Button */ = {
			isa = PBXGroup;
			children = (
				051ABA222C61C1500090F466 /* FMButton.swift */,
			);
			path = Button;
			sourceTree = "<group>";
		};
		053B702C2C6B3C6A001DBF90 /* Alert */ = {
			isa = PBXGroup;
			children = (
				053B702D2C6B3F76001DBF90 /* FMAlertContainer.swift */,
				053B70302C6B40C9001DBF90 /* FMAlertButton.swift */,
				05A708DA2C6C4FE000AE1172 /* FMAlert.swift */,
				05A708E12C6C686700AE1172 /* FMDefaultAlert.swift */,
			);
			path = Alert;
			sourceTree = "<group>";
		};
		0550228E2C65E2080031330E /* Scene */ = {
			isa = PBXGroup;
			children = (
				8D7BFD402B8229E2001CA0EE /* MySelfApp.swift */,
				05B7DC0D2C733ED700E43519 /* AppCore.swift */,
				8D7BFD422B8229E2001CA0EE /* AppView.swift */,
				05F0AFC92C785C0700C3507C /* StateManager.swift */,
			);
			path = Scene;
			sourceTree = "<group>";
		};
		05A708DD2C6C64E400AE1172 /* ViewModifier */ = {
			isa = PBXGroup;
			children = (
				8D2FB6FF2C6E44820086513D /* Image+.swift */,
				05A708DF2C6C64F000AE1172 /* View+.swift */,
			);
			path = ViewModifier;
			sourceTree = "<group>";
		};
		05A708E52C6C747B00AE1172 /* LoadingView */ = {
			isa = PBXGroup;
			children = (
				05A708E62C6C748C00AE1172 /* LoadingView.swift */,
			);
			path = LoadingView;
			sourceTree = "<group>";
		};
		05A708EA2C6CA10200AE1172 /* HomeFeature */ = {
			isa = PBXGroup;
			children = (
				8D1365AA2C72115300284DA7 /* Coordinator */,
				8D1365AB2C72116000284DA7 /* Scene */,
			);
			path = HomeFeature;
			sourceTree = "<group>";
		};
		05B7D6F52C69DBAB00E36771 /* Repository */ = {
			isa = PBXGroup;
			children = (
			);
			path = Repository;
			sourceTree = "<group>";
		};
		05BD4A7A2C64A9CF00F5ED99 /* Entity */ = {
			isa = PBXGroup;
			children = (
				05BD4A7B2C64A9DB00F5ED99 /* LoginEntity.swift */,
			);
			path = Entity;
			sourceTree = "<group>";
		};
		05DC6A772C59F740005BE3BB /* DesignSystem */ = {
			isa = PBXGroup;
			children = (
				05F0AFC32C78546900C3507C /* NavigationBar */,
				8D2FB6F92C6E43F50086513D /* Image */,
				05A708E52C6C747B00AE1172 /* LoadingView */,
				05A708DD2C6C64E400AE1172 /* ViewModifier */,
				053B702C2C6B3C6A001DBF90 /* Alert */,
				051ABA202C61C1480090F466 /* Button */,
				05DC6A832C5A06DF005BE3BB /* TextField */,
				05DC6A7C2C59F750005BE3BB /* Font */,
				8D3C6BDA2BA5E0D800F44AB7 /* Resource */,
			);
			path = DesignSystem;
			sourceTree = "<group>";
		};
		05DC6A7C2C59F750005BE3BB /* Font */ = {
			isa = PBXGroup;
			children = (
				05DC6A7F2C59F75A005BE3BB /* Font+.swift */,
			);
			path = Font;
			sourceTree = "<group>";
		};
		05DC6A832C5A06DF005BE3BB /* TextField */ = {
			isa = PBXGroup;
			children = (
				05DC6A862C5A089E005BE3BB /* FMTextField.swift */,
			);
			path = TextField;
			sourceTree = "<group>";
		};
		05E983E82C63385F00393D08 /* Extension */ = {
			isa = PBXGroup;
			children = (
				05E983E92C63386800393D08 /* Encodable+.swift */,
				05BD4A732C64A0B200F5ED99 /* Keyboard+.swift */,
			);
			path = Extension;
			sourceTree = "<group>";
		};
		05E983EB2C634ACF00393D08 /* Entity */ = {
			isa = PBXGroup;
			children = (
				05E983EC2C634ADF00393D08 /* SignUpEntity.swift */,
			);
			path = Entity;
			sourceTree = "<group>";
		};
		05E983EE2C634DCC00393D08 /* Service */ = {
			isa = PBXGroup;
			children = (
				05F0AFCB2C785C6000C3507C /* NotificationManager */,
				05E983F52C63659400393D08 /* AuthenticationService */,
				05E983EF2C634DD800393D08 /* FirestoreService */,
			);
			path = Service;
			sourceTree = "<group>";
		};
		05E983EF2C634DD800393D08 /* FirestoreService */ = {
			isa = PBXGroup;
			children = (
				05E983F02C634DF300393D08 /* FirestoreService.swift */,
				05E983F22C634E9A00393D08 /* CollectionTarget.swift */,
			);
			path = FirestoreService;
			sourceTree = "<group>";
		};
		05E983F52C63659400393D08 /* AuthenticationService */ = {
			isa = PBXGroup;
			children = (
				05E983F62C6365A500393D08 /* AuthenticationService.swift */,
			);
			path = AuthenticationService;
			sourceTree = "<group>";
		};
		05F0AFC32C78546900C3507C /* NavigationBar */ = {
			isa = PBXGroup;
			children = (
				05F0AFC22C78546900C3507C /* NavigationBar.swift */,
			);
			path = NavigationBar;
			sourceTree = "<group>";
		};
		05F0AFCB2C785C6000C3507C /* NotificationManager */ = {
			isa = PBXGroup;
			children = (
				05F0AFCC2C785C6B00C3507C /* NotiManager.swift */,
			);
			path = NotificationManager;
			sourceTree = "<group>";
		};
		05F3448C2C7BF85300103D88 /* HomeMain */ = {
			isa = PBXGroup;
			children = (
				05B7DC0A2C733CA700E43519 /* HomeCore.swift */,
				05A708EB2C6CA10C00AE1172 /* HomeView.swift */,
			);
			path = HomeMain;
			sourceTree = "<group>";
		};
		05F65A6D2C5B7C890075E7D6 /* LoginFeature */ = {
			isa = PBXGroup;
			children = (
				8D1365B82C722A9700284DA7 /* Coordinator */,
				8D1365B92C722AA500284DA7 /* Scene */,
			);
			path = LoginFeature;
			sourceTree = "<group>";
		};
		8D1365902C70DAA300284DA7 /* AllTypesFeature */ = {
			isa = PBXGroup;
			children = (
				8D612F192C7B123700A565AB /* Coordinator */,
				8D612F142C7B115900A565AB /* Scene */,
				051846822C76F6E100547E8E /* Entity */,
			);
			path = AllTypesFeature;
			sourceTree = "<group>";
		};
		8D1365A02C720AFE00284DA7 /* Coordinator */ = {
			isa = PBXGroup;
			children = (
				8D1365A22C720B1D00284DA7 /* MainTabCoordinator.swift */,
			);
			path = Coordinator;
			sourceTree = "<group>";
		};
		8D1365A62C720F7100284DA7 /* MainTab */ = {
			isa = PBXGroup;
			children = (
				8D1365A02C720AFE00284DA7 /* Coordinator */,
				05A708EA2C6CA10200AE1172 /* HomeFeature */,
				8D1365A72C720FAB00284DA7 /* MyInfoFeature */,
			);
			path = MainTab;
			sourceTree = "<group>";
		};
		8D1365A72C720FAB00284DA7 /* MyInfoFeature */ = {
			isa = PBXGroup;
			children = (
				8D1365B12C721DB900284DA7 /* Coordinator */,
				8D1365A82C72106300284DA7 /* MyInfoView.swift */,
			);
			path = MyInfoFeature;
			sourceTree = "<group>";
		};
		8D1365AA2C72115300284DA7 /* Coordinator */ = {
			isa = PBXGroup;
			children = (
				8D1365AC2C72117200284DA7 /* HomeCoordinator.swift */,
				8D1365AE2C7211C000284DA7 /* HomeScreen.swift */,
			);
			path = Coordinator;
			sourceTree = "<group>";
		};
		8D1365AB2C72116000284DA7 /* Scene */ = {
			isa = PBXGroup;
			children = (
				8D2FB7022C6E462E0086513D /* Component */,
				05F3448C2C7BF85300103D88 /* HomeMain */,
				8D1365902C70DAA300284DA7 /* AllTypesFeature */,
			);
			path = Scene;
			sourceTree = "<group>";
		};
		8D1365B12C721DB900284DA7 /* Coordinator */ = {
			isa = PBXGroup;
			children = (
				8D1365B22C721DC700284DA7 /* MyInfoCoordinator.swift */,
				8D1365B52C721E2D00284DA7 /* MyInfoScreen.swift */,
			);
			path = Coordinator;
			sourceTree = "<group>";
		};
		8D1365B82C722A9700284DA7 /* Coordinator */ = {
			isa = PBXGroup;
			children = (
				05B7DC022C733B7800E43519 /* LoginCoordinator.swift */,
				05B7DC032C733B7800E43519 /* LoginScreen.swift */,
			);
			path = Coordinator;
			sourceTree = "<group>";
		};
		8D1365B92C722AA500284DA7 /* Scene */ = {
			isa = PBXGroup;
			children = (
				051ABA1B2C61B53E0090F466 /* SignUp */,
				8D1365BA2C722AAD00284DA7 /* Login */,
			);
			path = Scene;
			sourceTree = "<group>";
		};
		8D1365BA2C722AAD00284DA7 /* Login */ = {
			isa = PBXGroup;
			children = (
				05BD4A7A2C64A9CF00F5ED99 /* Entity */,
				05B7DC072C733BA400E43519 /* LoginCore.swift */,
				05F65A6F2C5B7C960075E7D6 /* LoginView.swift */,
			);
			path = Login;
			sourceTree = "<group>";
		};
		8D2FB6F92C6E43F50086513D /* Image */ = {
			isa = PBXGroup;
			children = (
				8D2FB6FC2C6E44010086513D /* SystemImage.swift */,
			);
			path = Image;
			sourceTree = "<group>";
		};
		8D2FB7022C6E462E0086513D /* Component */ = {
			isa = PBXGroup;
			children = (
				8D2FB7052C6E46580086513D /* RoundedContainerButton.swift */,
			);
			path = Component;
			sourceTree = "<group>";
		};
		8D3C6BDA2BA5E0D800F44AB7 /* Resource */ = {
			isa = PBXGroup;
			children = (
				8DDC07CA2BCD6D150019D478 /* Fonts */,
				8D3C6BDC2BA5E11F00F44AB7 /* Common */,
				8D7BFD442B8229E3001CA0EE /* Assets.xcassets */,
				0518467E2C76DD4000547E8E /* Icon.xcassets */,
			);
			path = Resource;
			sourceTree = "<group>";
		};
		8D3C6BDC2BA5E11F00F44AB7 /* Common */ = {
			isa = PBXGroup;
			children = (
				8DF728BD2BB992AD00F90F1F /* CustomPageIndicator.swift */,
			);
			path = Common;
			sourceTree = "<group>";
		};
		8D612F142C7B115900A565AB /* Scene */ = {
			isa = PBXGroup;
			children = (
				8D612F202C7B219D00A565AB /* TypeDetail */,
				8D612F162C7B117B00A565AB /* AllTypesMain */,
			);
			path = Scene;
			sourceTree = "<group>";
		};
		8D612F162C7B117B00A565AB /* AllTypesMain */ = {
			isa = PBXGroup;
			children = (
				051846782C76DC3500547E8E /* Component */,
				8D612F102C7B113600A565AB /* AllTypesCore.swift */,
				8D1365912C70DAD900284DA7 /* AllTypesView.swift */,
			);
			path = AllTypesMain;
			sourceTree = "<group>";
		};
		8D612F192C7B123700A565AB /* Coordinator */ = {
			isa = PBXGroup;
			children = (
				8D612F1D2C7B12AC00A565AB /* AllTypesCoordinator.swift */,
				8D612F1B2C7B124700A565AB /* AllTypesScreen.swift */,
			);
			path = Coordinator;
			sourceTree = "<group>";
		};
		8D612F202C7B219D00A565AB /* TypeDetail */ = {
			isa = PBXGroup;
			children = (
				8D612F222C7B21B100A565AB /* TypeDetailView.swift */,
				8D612F252C7B65C300A565AB /* TypeDetailCore.swift */,
			);
			path = TypeDetail;
			sourceTree = "<group>";
		};
		8D7BFD342B8229E2001CA0EE = {
			isa = PBXGroup;
			children = (
				8D7BFD3F2B8229E2001CA0EE /* FocusMe */,
				8D7BFD502B8229E3001CA0EE /* FocusMeTests */,
				8D7BFD5A2B8229E3001CA0EE /* FocusMeUITests */,
				8D7BFD3E2B8229E2001CA0EE /* Products */,
			);
			sourceTree = "<group>";
		};
		8D7BFD3E2B8229E2001CA0EE /* Products */ = {
			isa = PBXGroup;
			children = (
				8D7BFD3D2B8229E2001CA0EE /* FocusMe.app */,
				8D7BFD4D2B8229E3001CA0EE /* FocusMeTests.xctest */,
				8D7BFD572B8229E3001CA0EE /* FocusMeUITests.xctest */,
			);
			name = Products;
			sourceTree = "<group>";
		};
		8D7BFD3F2B8229E2001CA0EE /* FocusMe */ = {
			isa = PBXGroup;
			children = (
				0564D9482C6314D900102A44 /* GoogleService-Info.plist */,
				8DDC07DE2BCD6D700019D478 /* Info.plist */,
				8D7BFD702B82333B001CA0EE /* App */,
				8DA40F002BB05BE600A7D271 /* Core */,
				05E983EE2C634DCC00393D08 /* Service */,
				8D7BFD742B823382001CA0EE /* Scene */,
				05DC6A772C59F740005BE3BB /* DesignSystem */,
				8D7BFD462B8229E3001CA0EE /* Preview Content */,
			);
			path = FocusMe;
			sourceTree = "<group>";
		};
		8D7BFD462B8229E3001CA0EE /* Preview Content */ = {
			isa = PBXGroup;
			children = (
				8D7BFD472B8229E3001CA0EE /* Preview Assets.xcassets */,
			);
			path = "Preview Content";
			sourceTree = "<group>";
		};
		8D7BFD502B8229E3001CA0EE /* FocusMeTests */ = {
			isa = PBXGroup;
			children = (
				8D7BFD512B8229E3001CA0EE /* FocusMeTests.swift */,
			);
			path = FocusMeTests;
			sourceTree = "<group>";
		};
		8D7BFD5A2B8229E3001CA0EE /* FocusMeUITests */ = {
			isa = PBXGroup;
			children = (
				8D7BFD5B2B8229E3001CA0EE /* FocusMeUITests.swift */,
				8D7BFD5D2B8229E3001CA0EE /* FocusMeUITestsLaunchTests.swift */,
			);
			path = FocusMeUITests;
			sourceTree = "<group>";
		};
		8D7BFD702B82333B001CA0EE /* App */ = {
			isa = PBXGroup;
			children = (
				0564D9452C63126400102A44 /* AppDelegate.swift */,
				0550228E2C65E2080031330E /* Scene */,
			);
			path = App;
			sourceTree = "<group>";
		};
		8D7BFD742B823382001CA0EE /* Scene */ = {
			isa = PBXGroup;
			children = (
				8D1365A62C720F7100284DA7 /* MainTab */,
				05F65A6D2C5B7C890075E7D6 /* LoginFeature */,
			);
			path = Scene;
			sourceTree = "<group>";
		};
		8DA40F002BB05BE600A7D271 /* Core */ = {
			isa = PBXGroup;
			children = (
				05B7D6F52C69DBAB00E36771 /* Repository */,
				05E983E82C63385F00393D08 /* Extension */,
				8DA40F012BB05BEF00A7D271 /* Entity */,
			);
			path = Core;
			sourceTree = "<group>";
		};
		8DA40F012BB05BEF00A7D271 /* Entity */ = {
			isa = PBXGroup;
			children = (
				055022932C65E5860031330E /* UserInfo.swift */,
				055022952C65E9A80031330E /* FMError.swift */,
			);
			path = Entity;
			sourceTree = "<group>";
		};
		8DDC07CA2BCD6D150019D478 /* Fonts */ = {
			isa = PBXGroup;
			children = (
				8DDC07CD2BCD6D250019D478 /* NotoSansKR-Black.ttf */,
				8DDC07D32BCD6D260019D478 /* NotoSansKR-Bold.ttf */,
				8DDC07CB2BCD6D250019D478 /* NotoSansKR-ExtraBold.ttf */,
				8DDC07CE2BCD6D250019D478 /* NotoSansKR-ExtraLight.ttf */,
				8DDC07CF2BCD6D250019D478 /* NotoSansKR-Light.ttf */,
				8DDC07D22BCD6D260019D478 /* NotoSansKR-Medium.ttf */,
				8DDC07CC2BCD6D250019D478 /* NotoSansKR-Regular.ttf */,
				8DDC07D12BCD6D250019D478 /* NotoSansKR-SemiBold.ttf */,
				8DDC07D02BCD6D250019D478 /* NotoSansKR-Thin.ttf */,
			);
			path = Fonts;
			sourceTree = "<group>";
		};
/* End PBXGroup section */

/* Begin PBXNativeTarget section */
		8D7BFD3C2B8229E2001CA0EE /* FocusMe */ = {
			isa = PBXNativeTarget;
			buildConfigurationList = 8D7BFD612B8229E3001CA0EE /* Build configuration list for PBXNativeTarget "FocusMe" */;
			buildPhases = (
				8D7BFD392B8229E2001CA0EE /* Sources */,
				8D7BFD3A2B8229E2001CA0EE /* Frameworks */,
				8D7BFD3B2B8229E2001CA0EE /* Resources */,
			);
			buildRules = (
			);
			dependencies = (
				8D1E1C202BCBFAEA0047E618 /* PBXTargetDependency */,
			);
			name = FocusMe;
			packageProductDependencies = (
				8D3C6BE12BA5E69200F44AB7 /* CombineCocoa */,
				8D1E1C1D2BCBFACF0047E618 /* RswiftLibrary */,
				0564D9432C63124F00102A44 /* FirebaseAnalytics */,
				05E983E62C6333BB00393D08 /* FirebaseFirestore */,
				05E983F82C63689E00393D08 /* FirebaseAuth */,
				8D1365962C71F28400284DA7 /* TCACoordinators */,
				8D1365992C71F89200284DA7 /* ComposableArchitecture */,
				8D13659E2C72089200284DA7 /* FlowStacks */,
			);
			productName = MySelf;
			productReference = 8D7BFD3D2B8229E2001CA0EE /* FocusMe.app */;
			productType = "com.apple.product-type.application";
		};
		8D7BFD4C2B8229E3001CA0EE /* FocusMeTests */ = {
			isa = PBXNativeTarget;
			buildConfigurationList = 8D7BFD642B8229E3001CA0EE /* Build configuration list for PBXNativeTarget "FocusMeTests" */;
			buildPhases = (
				8D7BFD492B8229E3001CA0EE /* Sources */,
				8D7BFD4A2B8229E3001CA0EE /* Frameworks */,
				8D7BFD4B2B8229E3001CA0EE /* Resources */,
			);
			buildRules = (
			);
			dependencies = (
				8D7BFD4F2B8229E3001CA0EE /* PBXTargetDependency */,
			);
			name = FocusMeTests;
			productName = MySelfTests;
			productReference = 8D7BFD4D2B8229E3001CA0EE /* FocusMeTests.xctest */;
			productType = "com.apple.product-type.bundle.unit-test";
		};
		8D7BFD562B8229E3001CA0EE /* FocusMeUITests */ = {
			isa = PBXNativeTarget;
			buildConfigurationList = 8D7BFD672B8229E3001CA0EE /* Build configuration list for PBXNativeTarget "FocusMeUITests" */;
			buildPhases = (
				8D7BFD532B8229E3001CA0EE /* Sources */,
				8D7BFD542B8229E3001CA0EE /* Frameworks */,
				8D7BFD552B8229E3001CA0EE /* Resources */,
			);
			buildRules = (
			);
			dependencies = (
				8D7BFD592B8229E3001CA0EE /* PBXTargetDependency */,
			);
			name = FocusMeUITests;
			productName = MySelfUITests;
			productReference = 8D7BFD572B8229E3001CA0EE /* FocusMeUITests.xctest */;
			productType = "com.apple.product-type.bundle.ui-testing";
		};
/* End PBXNativeTarget section */

/* Begin PBXProject section */
		8D7BFD352B8229E2001CA0EE /* Project object */ = {
			isa = PBXProject;
			attributes = {
				BuildIndependentTargetsInParallel = 1;
				LastSwiftUpdateCheck = 1520;
				LastUpgradeCheck = 1520;
				TargetAttributes = {
					8D7BFD3C2B8229E2001CA0EE = {
						CreatedOnToolsVersion = 15.2;
					};
					8D7BFD4C2B8229E3001CA0EE = {
						CreatedOnToolsVersion = 15.2;
						TestTargetID = 8D7BFD3C2B8229E2001CA0EE;
					};
					8D7BFD562B8229E3001CA0EE = {
						CreatedOnToolsVersion = 15.2;
						TestTargetID = 8D7BFD3C2B8229E2001CA0EE;
					};
				};
			};
			buildConfigurationList = 8D7BFD382B8229E2001CA0EE /* Build configuration list for PBXProject "FocusMe" */;
			compatibilityVersion = "Xcode 14.0";
			developmentRegion = en;
			hasScannedForEncodings = 0;
			knownRegions = (
				en,
				Base,
			);
			mainGroup = 8D7BFD342B8229E2001CA0EE;
			packageReferences = (
				8D3C6BE02BA5E69200F44AB7 /* XCRemoteSwiftPackageReference "CombineCocoa" */,
				8D1E1C1C2BCBFACF0047E618 /* XCRemoteSwiftPackageReference "R" */,
				0564D9422C63124F00102A44 /* XCRemoteSwiftPackageReference "firebase-ios-sdk" */,
				8D1365952C71F28400284DA7 /* XCRemoteSwiftPackageReference "TCACoordinators" */,
				8D1365982C71F89200284DA7 /* XCRemoteSwiftPackageReference "swift-composable-architecture" */,
				8D13659D2C72089200284DA7 /* XCRemoteSwiftPackageReference "FlowStacks" */,
			);
			productRefGroup = 8D7BFD3E2B8229E2001CA0EE /* Products */;
			projectDirPath = "";
			projectRoot = "";
			targets = (
				8D7BFD3C2B8229E2001CA0EE /* FocusMe */,
				8D7BFD4C2B8229E3001CA0EE /* FocusMeTests */,
				8D7BFD562B8229E3001CA0EE /* FocusMeUITests */,
			);
		};
/* End PBXProject section */

/* Begin PBXResourcesBuildPhase section */
		8D7BFD3B2B8229E2001CA0EE /* Resources */ = {
			isa = PBXResourcesBuildPhase;
			buildActionMask = 2147483647;
			files = (
				8D7BFD482B8229E3001CA0EE /* Preview Assets.xcassets in Resources */,
				8DDC07DA2BCD6D260019D478 /* NotoSansKR-SemiBold.ttf in Resources */,
				8DDC07D92BCD6D260019D478 /* NotoSansKR-Thin.ttf in Resources */,
				8DDC07D42BCD6D260019D478 /* NotoSansKR-ExtraBold.ttf in Resources */,
				8D7BFD452B8229E3001CA0EE /* Assets.xcassets in Resources */,
				0564D9492C6314D900102A44 /* GoogleService-Info.plist in Resources */,
				0518467F2C76DD4000547E8E /* Icon.xcassets in Resources */,
				8DDC07D62BCD6D260019D478 /* NotoSansKR-Black.ttf in Resources */,
				8DDC07D82BCD6D260019D478 /* NotoSansKR-Light.ttf in Resources */,
				8DDC07DB2BCD6D260019D478 /* NotoSansKR-Medium.ttf in Resources */,
				8DDC07D72BCD6D260019D478 /* NotoSansKR-ExtraLight.ttf in Resources */,
				8DDC07D52BCD6D260019D478 /* NotoSansKR-Regular.ttf in Resources */,
				8DDC07DC2BCD6D260019D478 /* NotoSansKR-Bold.ttf in Resources */,
			);
			runOnlyForDeploymentPostprocessing = 0;
		};
		8D7BFD4B2B8229E3001CA0EE /* Resources */ = {
			isa = PBXResourcesBuildPhase;
			buildActionMask = 2147483647;
			files = (
			);
			runOnlyForDeploymentPostprocessing = 0;
		};
		8D7BFD552B8229E3001CA0EE /* Resources */ = {
			isa = PBXResourcesBuildPhase;
			buildActionMask = 2147483647;
			files = (
			);
			runOnlyForDeploymentPostprocessing = 0;
		};
/* End PBXResourcesBuildPhase section */

/* Begin PBXSourcesBuildPhase section */
		8D7BFD392B8229E2001CA0EE /* Sources */ = {
			isa = PBXSourcesBuildPhase;
			buildActionMask = 2147483647;
			files = (
				05B7DC002C733A9C00E43519 /* SignUpCore.swift in Sources */,
				0564D9462C63126400102A44 /* AppDelegate.swift in Sources */,
				8D1365A92C72106300284DA7 /* MyInfoView.swift in Sources */,
				05DC6A802C59F75A005BE3BB /* Font+.swift in Sources */,
				05DC6A872C5A089E005BE3BB /* FMTextField.swift in Sources */,
				05A708EC2C6CA10C00AE1172 /* HomeView.swift in Sources */,
				8D1365922C70DAD900284DA7 /* AllTypesView.swift in Sources */,
				051846862C76F6EF00547E8E /* MBTI.swift in Sources */,
				05E983EA2C63386800393D08 /* Encodable+.swift in Sources */,
				05A708E02C6C64F000AE1172 /* View+.swift in Sources */,
				8D1365A32C720B1D00284DA7 /* MainTabCoordinator.swift in Sources */,
				8D1365B32C721DC700284DA7 /* MyInfoCoordinator.swift in Sources */,
				05A708DB2C6C4FE000AE1172 /* FMAlert.swift in Sources */,
				8D612F1C2C7B124700A565AB /* AllTypesScreen.swift in Sources */,
				05BD4A7C2C64A9DB00F5ED99 /* LoginEntity.swift in Sources */,
				055022942C65E5860031330E /* UserInfo.swift in Sources */,
				053B702E2C6B3F76001DBF90 /* FMAlertContainer.swift in Sources */,
				8D7BFD432B8229E2001CA0EE /* AppView.swift in Sources */,
				0518467C2C76DC9300547E8E /* TypesGridRow.swift in Sources */,
				05F0AFCA2C785C0700C3507C /* StateManager.swift in Sources */,
				051ABA232C61C1500090F466 /* FMButton.swift in Sources */,
				8D7BFD412B8229E2001CA0EE /* MySelfApp.swift in Sources */,
				05E983F72C6365A500393D08 /* AuthenticationService.swift in Sources */,
				05E983F12C634DF300393D08 /* FirestoreService.swift in Sources */,
				8D612F112C7B113600A565AB /* AllTypesCore.swift in Sources */,
				8D1365AD2C72117200284DA7 /* HomeCoordinator.swift in Sources */,
				05B7DC0E2C733ED700E43519 /* AppCore.swift in Sources */,
				05B7DC082C733BA400E43519 /* LoginCore.swift in Sources */,
				051ABA1D2C61B55D0090F466 /* SignUpView.swift in Sources */,
				8D2FB6FD2C6E44010086513D /* SystemImage.swift in Sources */,
				05F0AFC42C78546900C3507C /* NavigationBar.swift in Sources */,
				05F0AFCD2C785C6B00C3507C /* NotiManager.swift in Sources */,
				05E983F32C634E9A00393D08 /* CollectionTarget.swift in Sources */,
				05BD4A742C64A0B200F5ED99 /* Keyboard+.swift in Sources */,
				8D2FB7002C6E44820086513D /* Image+.swift in Sources */,
				05B7DC0B2C733CA700E43519 /* HomeCore.swift in Sources */,
				8DF728BE2BB992AD00F90F1F /* CustomPageIndicator.swift in Sources */,
				05B7DC052C733B7800E43519 /* LoginScreen.swift in Sources */,
				053B70312C6B40C9001DBF90 /* FMAlertButton.swift in Sources */,
				05B7DC042C733B7800E43519 /* LoginCoordinator.swift in Sources */,
				8D1365AF2C7211C000284DA7 /* HomeScreen.swift in Sources */,
				05F65A702C5B7C960075E7D6 /* LoginView.swift in Sources */,
				8D612F1E2C7B12AC00A565AB /* AllTypesCoordinator.swift in Sources */,
				8D612F262C7B65C300A565AB /* TypeDetailCore.swift in Sources */,
				8D612F232C7B21B100A565AB /* TypeDetailView.swift in Sources */,
				05E983ED2C634ADF00393D08 /* SignUpEntity.swift in Sources */,
				05A708E72C6C748C00AE1172 /* LoadingView.swift in Sources */,
				055022962C65E9A80031330E /* FMError.swift in Sources */,
				05A708E22C6C686700AE1172 /* FMDefaultAlert.swift in Sources */,
				8D2FB7062C6E46580086513D /* RoundedContainerButton.swift in Sources */,
				8D1365B62C721E2D00284DA7 /* MyInfoScreen.swift in Sources */,
			);
			runOnlyForDeploymentPostprocessing = 0;
		};
		8D7BFD492B8229E3001CA0EE /* Sources */ = {
			isa = PBXSourcesBuildPhase;
			buildActionMask = 2147483647;
			files = (
				8D7BFD522B8229E3001CA0EE /* FocusMeTests.swift in Sources */,
			);
			runOnlyForDeploymentPostprocessing = 0;
		};
		8D7BFD532B8229E3001CA0EE /* Sources */ = {
			isa = PBXSourcesBuildPhase;
			buildActionMask = 2147483647;
			files = (
				8D7BFD5E2B8229E3001CA0EE /* FocusMeUITestsLaunchTests.swift in Sources */,
				8D7BFD5C2B8229E3001CA0EE /* FocusMeUITests.swift in Sources */,
			);
			runOnlyForDeploymentPostprocessing = 0;
		};
/* End PBXSourcesBuildPhase section */

/* Begin PBXTargetDependency section */
		8D1E1C202BCBFAEA0047E618 /* PBXTargetDependency */ = {
			isa = PBXTargetDependency;
			productRef = 8D1E1C1F2BCBFAEA0047E618 /* RswiftGenerateInternalResources */;
		};
		8D7BFD4F2B8229E3001CA0EE /* PBXTargetDependency */ = {
			isa = PBXTargetDependency;
			target = 8D7BFD3C2B8229E2001CA0EE /* FocusMe */;
			targetProxy = 8D7BFD4E2B8229E3001CA0EE /* PBXContainerItemProxy */;
		};
		8D7BFD592B8229E3001CA0EE /* PBXTargetDependency */ = {
			isa = PBXTargetDependency;
			target = 8D7BFD3C2B8229E2001CA0EE /* FocusMe */;
			targetProxy = 8D7BFD582B8229E3001CA0EE /* PBXContainerItemProxy */;
		};
/* End PBXTargetDependency section */

/* Begin XCBuildConfiguration section */
		8D7BFD5F2B8229E3001CA0EE /* Debug */ = {
			isa = XCBuildConfiguration;
			buildSettings = {
				ALWAYS_SEARCH_USER_PATHS = NO;
				ASSETCATALOG_COMPILER_GENERATE_SWIFT_ASSET_SYMBOL_EXTENSIONS = YES;
				CLANG_ANALYZER_NONNULL = YES;
				CLANG_ANALYZER_NUMBER_OBJECT_CONVERSION = YES_AGGRESSIVE;
				CLANG_CXX_LANGUAGE_STANDARD = "gnu++20";
				CLANG_ENABLE_MODULES = YES;
				CLANG_ENABLE_OBJC_ARC = YES;
				CLANG_ENABLE_OBJC_WEAK = YES;
				CLANG_WARN_BLOCK_CAPTURE_AUTORELEASING = YES;
				CLANG_WARN_BOOL_CONVERSION = YES;
				CLANG_WARN_COMMA = YES;
				CLANG_WARN_CONSTANT_CONVERSION = YES;
				CLANG_WARN_DEPRECATED_OBJC_IMPLEMENTATIONS = YES;
				CLANG_WARN_DIRECT_OBJC_ISA_USAGE = YES_ERROR;
				CLANG_WARN_DOCUMENTATION_COMMENTS = YES;
				CLANG_WARN_EMPTY_BODY = YES;
				CLANG_WARN_ENUM_CONVERSION = YES;
				CLANG_WARN_INFINITE_RECURSION = YES;
				CLANG_WARN_INT_CONVERSION = YES;
				CLANG_WARN_NON_LITERAL_NULL_CONVERSION = YES;
				CLANG_WARN_OBJC_IMPLICIT_RETAIN_SELF = YES;
				CLANG_WARN_OBJC_LITERAL_CONVERSION = YES;
				CLANG_WARN_OBJC_ROOT_CLASS = YES_ERROR;
				CLANG_WARN_QUOTED_INCLUDE_IN_FRAMEWORK_HEADER = YES;
				CLANG_WARN_RANGE_LOOP_ANALYSIS = YES;
				CLANG_WARN_STRICT_PROTOTYPES = YES;
				CLANG_WARN_SUSPICIOUS_MOVE = YES;
				CLANG_WARN_UNGUARDED_AVAILABILITY = YES_AGGRESSIVE;
				CLANG_WARN_UNREACHABLE_CODE = YES;
				CLANG_WARN__DUPLICATE_METHOD_MATCH = YES;
				COPY_PHASE_STRIP = NO;
				DEBUG_INFORMATION_FORMAT = dwarf;
				ENABLE_STRICT_OBJC_MSGSEND = YES;
				ENABLE_TESTABILITY = YES;
				ENABLE_USER_SCRIPT_SANDBOXING = YES;
				GCC_C_LANGUAGE_STANDARD = gnu17;
				GCC_DYNAMIC_NO_PIC = NO;
				GCC_NO_COMMON_BLOCKS = YES;
				GCC_OPTIMIZATION_LEVEL = 0;
				GCC_PREPROCESSOR_DEFINITIONS = (
					"DEBUG=1",
					"$(inherited)",
				);
				GCC_WARN_64_TO_32_BIT_CONVERSION = YES;
				GCC_WARN_ABOUT_RETURN_TYPE = YES_ERROR;
				GCC_WARN_UNDECLARED_SELECTOR = YES;
				GCC_WARN_UNINITIALIZED_AUTOS = YES_AGGRESSIVE;
				GCC_WARN_UNUSED_FUNCTION = YES;
				GCC_WARN_UNUSED_VARIABLE = YES;
				IPHONEOS_DEPLOYMENT_TARGET = 16.0;
				LOCALIZATION_PREFERS_STRING_CATALOGS = YES;
				MTL_ENABLE_DEBUG_INFO = INCLUDE_SOURCE;
				MTL_FAST_MATH = YES;
				ONLY_ACTIVE_ARCH = YES;
				SDKROOT = iphoneos;
				SWIFT_ACTIVE_COMPILATION_CONDITIONS = "DEBUG $(inherited)";
				SWIFT_OPTIMIZATION_LEVEL = "-Onone";
			};
			name = Debug;
		};
		8D7BFD602B8229E3001CA0EE /* Release */ = {
			isa = XCBuildConfiguration;
			buildSettings = {
				ALWAYS_SEARCH_USER_PATHS = NO;
				ASSETCATALOG_COMPILER_GENERATE_SWIFT_ASSET_SYMBOL_EXTENSIONS = YES;
				CLANG_ANALYZER_NONNULL = YES;
				CLANG_ANALYZER_NUMBER_OBJECT_CONVERSION = YES_AGGRESSIVE;
				CLANG_CXX_LANGUAGE_STANDARD = "gnu++20";
				CLANG_ENABLE_MODULES = YES;
				CLANG_ENABLE_OBJC_ARC = YES;
				CLANG_ENABLE_OBJC_WEAK = YES;
				CLANG_WARN_BLOCK_CAPTURE_AUTORELEASING = YES;
				CLANG_WARN_BOOL_CONVERSION = YES;
				CLANG_WARN_COMMA = YES;
				CLANG_WARN_CONSTANT_CONVERSION = YES;
				CLANG_WARN_DEPRECATED_OBJC_IMPLEMENTATIONS = YES;
				CLANG_WARN_DIRECT_OBJC_ISA_USAGE = YES_ERROR;
				CLANG_WARN_DOCUMENTATION_COMMENTS = YES;
				CLANG_WARN_EMPTY_BODY = YES;
				CLANG_WARN_ENUM_CONVERSION = YES;
				CLANG_WARN_INFINITE_RECURSION = YES;
				CLANG_WARN_INT_CONVERSION = YES;
				CLANG_WARN_NON_LITERAL_NULL_CONVERSION = YES;
				CLANG_WARN_OBJC_IMPLICIT_RETAIN_SELF = YES;
				CLANG_WARN_OBJC_LITERAL_CONVERSION = YES;
				CLANG_WARN_OBJC_ROOT_CLASS = YES_ERROR;
				CLANG_WARN_QUOTED_INCLUDE_IN_FRAMEWORK_HEADER = YES;
				CLANG_WARN_RANGE_LOOP_ANALYSIS = YES;
				CLANG_WARN_STRICT_PROTOTYPES = YES;
				CLANG_WARN_SUSPICIOUS_MOVE = YES;
				CLANG_WARN_UNGUARDED_AVAILABILITY = YES_AGGRESSIVE;
				CLANG_WARN_UNREACHABLE_CODE = YES;
				CLANG_WARN__DUPLICATE_METHOD_MATCH = YES;
				COPY_PHASE_STRIP = NO;
				DEBUG_INFORMATION_FORMAT = "dwarf-with-dsym";
				ENABLE_NS_ASSERTIONS = NO;
				ENABLE_STRICT_OBJC_MSGSEND = YES;
				ENABLE_USER_SCRIPT_SANDBOXING = YES;
				GCC_C_LANGUAGE_STANDARD = gnu17;
				GCC_NO_COMMON_BLOCKS = YES;
				GCC_WARN_64_TO_32_BIT_CONVERSION = YES;
				GCC_WARN_ABOUT_RETURN_TYPE = YES_ERROR;
				GCC_WARN_UNDECLARED_SELECTOR = YES;
				GCC_WARN_UNINITIALIZED_AUTOS = YES_AGGRESSIVE;
				GCC_WARN_UNUSED_FUNCTION = YES;
				GCC_WARN_UNUSED_VARIABLE = YES;
				IPHONEOS_DEPLOYMENT_TARGET = 16.0;
				LOCALIZATION_PREFERS_STRING_CATALOGS = YES;
				MTL_ENABLE_DEBUG_INFO = NO;
				MTL_FAST_MATH = YES;
				SDKROOT = iphoneos;
				SWIFT_COMPILATION_MODE = wholemodule;
				VALIDATE_PRODUCT = YES;
			};
			name = Release;
		};
		8D7BFD622B8229E3001CA0EE /* Debug */ = {
			isa = XCBuildConfiguration;
			buildSettings = {
				ASSETCATALOG_COMPILER_APPICON_NAME = AppIcon;
				ASSETCATALOG_COMPILER_GLOBAL_ACCENT_COLOR_NAME = AccentColor;
				CODE_SIGN_STYLE = Automatic;
				CURRENT_PROJECT_VERSION = 1;
				DEVELOPMENT_ASSET_PATHS = "\"FocusMe/Preview Content\"";
				DEVELOPMENT_TEAM = GMHUACJXLZ;
				ENABLE_PREVIEWS = YES;
				GENERATE_INFOPLIST_FILE = YES;
				INFOPLIST_FILE = FocusMe/Info.plist;
				INFOPLIST_KEY_CFBundleDisplayName = MySelf;
				INFOPLIST_KEY_UIApplicationSceneManifest_Generation = YES;
				INFOPLIST_KEY_UIApplicationSupportsIndirectInputEvents = YES;
				INFOPLIST_KEY_UILaunchScreen_Generation = YES;
				INFOPLIST_KEY_UIStatusBarStyle = "";
				INFOPLIST_KEY_UISupportedInterfaceOrientations = UIInterfaceOrientationPortrait;
				IPHONEOS_DEPLOYMENT_TARGET = 16.0;
				LD_RUNPATH_SEARCH_PATHS = (
					"$(inherited)",
					"@executable_path/Frameworks",
				);
				MARKETING_VERSION = 1.0;
				PRODUCT_BUNDLE_IDENTIFIER = com.lonalia.FocusMe;
				PRODUCT_NAME = "$(TARGET_NAME)";
				SUPPORTED_PLATFORMS = "iphoneos iphonesimulator";
				SUPPORTS_MACCATALYST = NO;
				SUPPORTS_MAC_DESIGNED_FOR_IPHONE_IPAD = NO;
				SUPPORTS_XR_DESIGNED_FOR_IPHONE_IPAD = NO;
				SWIFT_EMIT_LOC_STRINGS = YES;
				SWIFT_VERSION = 5.0;
				TARGETED_DEVICE_FAMILY = 1;
			};
			name = Debug;
		};
		8D7BFD632B8229E3001CA0EE /* Release */ = {
			isa = XCBuildConfiguration;
			buildSettings = {
				ASSETCATALOG_COMPILER_APPICON_NAME = AppIcon;
				ASSETCATALOG_COMPILER_GLOBAL_ACCENT_COLOR_NAME = AccentColor;
				CODE_SIGN_STYLE = Automatic;
				CURRENT_PROJECT_VERSION = 1;
				DEVELOPMENT_ASSET_PATHS = "\"FocusMe/Preview Content\"";
				DEVELOPMENT_TEAM = GMHUACJXLZ;
				ENABLE_PREVIEWS = YES;
				GENERATE_INFOPLIST_FILE = YES;
				INFOPLIST_FILE = FocusMe/Info.plist;
				INFOPLIST_KEY_CFBundleDisplayName = MySelf;
				INFOPLIST_KEY_UIApplicationSceneManifest_Generation = YES;
				INFOPLIST_KEY_UIApplicationSupportsIndirectInputEvents = YES;
				INFOPLIST_KEY_UILaunchScreen_Generation = YES;
				INFOPLIST_KEY_UIStatusBarStyle = "";
				INFOPLIST_KEY_UISupportedInterfaceOrientations = UIInterfaceOrientationPortrait;
				IPHONEOS_DEPLOYMENT_TARGET = 16.0;
				LD_RUNPATH_SEARCH_PATHS = (
					"$(inherited)",
					"@executable_path/Frameworks",
				);
				MARKETING_VERSION = 1.0;
				PRODUCT_BUNDLE_IDENTIFIER = com.lonalia.FocusMe;
				PRODUCT_NAME = "$(TARGET_NAME)";
				SUPPORTED_PLATFORMS = "iphoneos iphonesimulator";
				SUPPORTS_MACCATALYST = NO;
				SUPPORTS_MAC_DESIGNED_FOR_IPHONE_IPAD = NO;
				SUPPORTS_XR_DESIGNED_FOR_IPHONE_IPAD = NO;
				SWIFT_EMIT_LOC_STRINGS = YES;
				SWIFT_VERSION = 5.0;
				TARGETED_DEVICE_FAMILY = 1;
			};
			name = Release;
		};
		8D7BFD652B8229E3001CA0EE /* Debug */ = {
			isa = XCBuildConfiguration;
			buildSettings = {
				ALWAYS_EMBED_SWIFT_STANDARD_LIBRARIES = YES;
				BUNDLE_LOADER = "$(TEST_HOST)";
				CODE_SIGN_STYLE = Automatic;
				CURRENT_PROJECT_VERSION = 1;
				DEVELOPMENT_TEAM = GMHUACJXLZ;
				GENERATE_INFOPLIST_FILE = YES;
				IPHONEOS_DEPLOYMENT_TARGET = 16.0;
				MARKETING_VERSION = 1.0;
				PRODUCT_BUNDLE_IDENTIFIER = com.lonalia.MySelfTests;
				PRODUCT_NAME = "$(TARGET_NAME)";
				SWIFT_EMIT_LOC_STRINGS = NO;
				SWIFT_VERSION = 5.0;
				TARGETED_DEVICE_FAMILY = "1,2";
				TEST_HOST = "$(BUILT_PRODUCTS_DIR)/FocusMe.app/$(BUNDLE_EXECUTABLE_FOLDER_PATH)/FocusMe";
			};
			name = Debug;
		};
		8D7BFD662B8229E3001CA0EE /* Release */ = {
			isa = XCBuildConfiguration;
			buildSettings = {
				ALWAYS_EMBED_SWIFT_STANDARD_LIBRARIES = YES;
				BUNDLE_LOADER = "$(TEST_HOST)";
				CODE_SIGN_STYLE = Automatic;
				CURRENT_PROJECT_VERSION = 1;
				DEVELOPMENT_TEAM = GMHUACJXLZ;
				GENERATE_INFOPLIST_FILE = YES;
				IPHONEOS_DEPLOYMENT_TARGET = 16.0;
				MARKETING_VERSION = 1.0;
				PRODUCT_BUNDLE_IDENTIFIER = com.lonalia.MySelfTests;
				PRODUCT_NAME = "$(TARGET_NAME)";
				SWIFT_EMIT_LOC_STRINGS = NO;
				SWIFT_VERSION = 5.0;
				TARGETED_DEVICE_FAMILY = "1,2";
				TEST_HOST = "$(BUILT_PRODUCTS_DIR)/FocusMe.app/$(BUNDLE_EXECUTABLE_FOLDER_PATH)/FocusMe";
			};
			name = Release;
		};
		8D7BFD682B8229E3001CA0EE /* Debug */ = {
			isa = XCBuildConfiguration;
			buildSettings = {
				ALWAYS_EMBED_SWIFT_STANDARD_LIBRARIES = YES;
				CODE_SIGN_STYLE = Automatic;
				CURRENT_PROJECT_VERSION = 1;
				DEVELOPMENT_TEAM = GMHUACJXLZ;
				GENERATE_INFOPLIST_FILE = YES;
				IPHONEOS_DEPLOYMENT_TARGET = 16.0;
				MARKETING_VERSION = 1.0;
				PRODUCT_BUNDLE_IDENTIFIER = com.lonalia.MySelfUITests;
				PRODUCT_NAME = "$(TARGET_NAME)";
				SWIFT_EMIT_LOC_STRINGS = NO;
				SWIFT_VERSION = 5.0;
				TARGETED_DEVICE_FAMILY = "1,2";
				TEST_TARGET_NAME = MySelf;
			};
			name = Debug;
		};
		8D7BFD692B8229E3001CA0EE /* Release */ = {
			isa = XCBuildConfiguration;
			buildSettings = {
				ALWAYS_EMBED_SWIFT_STANDARD_LIBRARIES = YES;
				CODE_SIGN_STYLE = Automatic;
				CURRENT_PROJECT_VERSION = 1;
				DEVELOPMENT_TEAM = GMHUACJXLZ;
				GENERATE_INFOPLIST_FILE = YES;
				IPHONEOS_DEPLOYMENT_TARGET = 16.0;
				MARKETING_VERSION = 1.0;
				PRODUCT_BUNDLE_IDENTIFIER = com.lonalia.MySelfUITests;
				PRODUCT_NAME = "$(TARGET_NAME)";
				SWIFT_EMIT_LOC_STRINGS = NO;
				SWIFT_VERSION = 5.0;
				TARGETED_DEVICE_FAMILY = "1,2";
				TEST_TARGET_NAME = MySelf;
			};
			name = Release;
		};
/* End XCBuildConfiguration section */

/* Begin XCConfigurationList section */
		8D7BFD382B8229E2001CA0EE /* Build configuration list for PBXProject "FocusMe" */ = {
			isa = XCConfigurationList;
			buildConfigurations = (
				8D7BFD5F2B8229E3001CA0EE /* Debug */,
				8D7BFD602B8229E3001CA0EE /* Release */,
			);
			defaultConfigurationIsVisible = 0;
			defaultConfigurationName = Release;
		};
		8D7BFD612B8229E3001CA0EE /* Build configuration list for PBXNativeTarget "FocusMe" */ = {
			isa = XCConfigurationList;
			buildConfigurations = (
				8D7BFD622B8229E3001CA0EE /* Debug */,
				8D7BFD632B8229E3001CA0EE /* Release */,
			);
			defaultConfigurationIsVisible = 0;
			defaultConfigurationName = Release;
		};
		8D7BFD642B8229E3001CA0EE /* Build configuration list for PBXNativeTarget "FocusMeTests" */ = {
			isa = XCConfigurationList;
			buildConfigurations = (
				8D7BFD652B8229E3001CA0EE /* Debug */,
				8D7BFD662B8229E3001CA0EE /* Release */,
			);
			defaultConfigurationIsVisible = 0;
			defaultConfigurationName = Release;
		};
		8D7BFD672B8229E3001CA0EE /* Build configuration list for PBXNativeTarget "FocusMeUITests" */ = {
			isa = XCConfigurationList;
			buildConfigurations = (
				8D7BFD682B8229E3001CA0EE /* Debug */,
				8D7BFD692B8229E3001CA0EE /* Release */,
			);
			defaultConfigurationIsVisible = 0;
			defaultConfigurationName = Release;
		};
/* End XCConfigurationList section */

/* Begin XCRemoteSwiftPackageReference section */
		0564D9422C63124F00102A44 /* XCRemoteSwiftPackageReference "firebase-ios-sdk" */ = {
			isa = XCRemoteSwiftPackageReference;
			repositoryURL = "https://github.com/firebase/firebase-ios-sdk.git";
			requirement = {
				kind = upToNextMajorVersion;
				minimumVersion = 11.0.0;
			};
		};
		8D1365952C71F28400284DA7 /* XCRemoteSwiftPackageReference "TCACoordinators" */ = {
			isa = XCRemoteSwiftPackageReference;
			repositoryURL = "https://github.com/johnpatrickmorgan/TCACoordinators";
			requirement = {
				kind = exactVersion;
				version = 0.9.0;
			};
		};
		8D1365982C71F89200284DA7 /* XCRemoteSwiftPackageReference "swift-composable-architecture" */ = {
			isa = XCRemoteSwiftPackageReference;
			repositoryURL = "https://github.com/pointfreeco/swift-composable-architecture";
			requirement = {
				kind = exactVersion;
				version = 1.9.3;
			};
		};
		8D13659D2C72089200284DA7 /* XCRemoteSwiftPackageReference "FlowStacks" */ = {
			isa = XCRemoteSwiftPackageReference;
			repositoryURL = "https://github.com/johnpatrickmorgan/FlowStacks";
			requirement = {
				kind = exactVersion;
				version = 0.3.6;
			};
		};
		8D1E1C1C2BCBFACF0047E618 /* XCRemoteSwiftPackageReference "R" */ = {
			isa = XCRemoteSwiftPackageReference;
			repositoryURL = "https://github.com/mac-cain13/R.swift";
			requirement = {
				kind = upToNextMajorVersion;
				minimumVersion = 7.5.0;
			};
		};
		8D3C6BE02BA5E69200F44AB7 /* XCRemoteSwiftPackageReference "CombineCocoa" */ = {
			isa = XCRemoteSwiftPackageReference;
			repositoryURL = "https://github.com/CombineCommunity/CombineCocoa";
			requirement = {
				kind = upToNextMajorVersion;
				minimumVersion = 0.4.1;
			};
		};
/* End XCRemoteSwiftPackageReference section */

/* Begin XCSwiftPackageProductDependency section */
		0564D9432C63124F00102A44 /* FirebaseAnalytics */ = {
			isa = XCSwiftPackageProductDependency;
			package = 0564D9422C63124F00102A44 /* XCRemoteSwiftPackageReference "firebase-ios-sdk" */;
			productName = FirebaseAnalytics;
		};
		05E983E62C6333BB00393D08 /* FirebaseFirestore */ = {
			isa = XCSwiftPackageProductDependency;
			package = 0564D9422C63124F00102A44 /* XCRemoteSwiftPackageReference "firebase-ios-sdk" */;
			productName = FirebaseFirestore;
		};
		05E983F82C63689E00393D08 /* FirebaseAuth */ = {
			isa = XCSwiftPackageProductDependency;
			package = 0564D9422C63124F00102A44 /* XCRemoteSwiftPackageReference "firebase-ios-sdk" */;
			productName = FirebaseAuth;
		};
		8D1365962C71F28400284DA7 /* TCACoordinators */ = {
			isa = XCSwiftPackageProductDependency;
			package = 8D1365952C71F28400284DA7 /* XCRemoteSwiftPackageReference "TCACoordinators" */;
			productName = TCACoordinators;
		};
		8D1365992C71F89200284DA7 /* ComposableArchitecture */ = {
			isa = XCSwiftPackageProductDependency;
			package = 8D1365982C71F89200284DA7 /* XCRemoteSwiftPackageReference "swift-composable-architecture" */;
			productName = ComposableArchitecture;
		};
		8D13659E2C72089200284DA7 /* FlowStacks */ = {
			isa = XCSwiftPackageProductDependency;
			package = 8D13659D2C72089200284DA7 /* XCRemoteSwiftPackageReference "FlowStacks" */;
			productName = FlowStacks;
		};
		8D1E1C1D2BCBFACF0047E618 /* RswiftLibrary */ = {
			isa = XCSwiftPackageProductDependency;
			package = 8D1E1C1C2BCBFACF0047E618 /* XCRemoteSwiftPackageReference "R" */;
			productName = RswiftLibrary;
		};
		8D1E1C1F2BCBFAEA0047E618 /* RswiftGenerateInternalResources */ = {
			isa = XCSwiftPackageProductDependency;
			productName = "plugin:RswiftGenerateInternalResources";
		};
		8D3C6BE12BA5E69200F44AB7 /* CombineCocoa */ = {
			isa = XCSwiftPackageProductDependency;
			package = 8D3C6BE02BA5E69200F44AB7 /* XCRemoteSwiftPackageReference "CombineCocoa" */;
			productName = CombineCocoa;
		};
/* End XCSwiftPackageProductDependency section */
	};
	rootObject = 8D7BFD352B8229E2001CA0EE /* Project object */;
}
