// !$*UTF8*$!
{
	archiveVersion = 1;
	classes = {
	};
	objectVersion = 56;
	objects = {

/* Begin PBXBuildFile section */
		051ABA1D2C61B55D0090F466 /* SignUpView.swift in Sources */ = {isa = PBXBuildFile; fileRef = 051ABA1C2C61B55D0090F466 /* SignUpView.swift */; };
		051ABA232C61C1500090F466 /* FMButton.swift in Sources */ = {isa = PBXBuildFile; fileRef = 051ABA222C61C1500090F466 /* FMButton.swift */; };
		051ABA272C61FB380090F466 /* SignUpVM.swift in Sources */ = {isa = PBXBuildFile; fileRef = 051ABA262C61FB380090F466 /* SignUpVM.swift */; };
		0564D9442C63124F00102A44 /* FirebaseAnalytics in Frameworks */ = {isa = PBXBuildFile; productRef = 0564D9432C63124F00102A44 /* FirebaseAnalytics */; };
		0564D9462C63126400102A44 /* AppDelegate.swift in Sources */ = {isa = PBXBuildFile; fileRef = 0564D9452C63126400102A44 /* AppDelegate.swift */; };
		0564D9492C6314D900102A44 /* GoogleService-Info.plist in Resources */ = {isa = PBXBuildFile; fileRef = 0564D9482C6314D900102A44 /* GoogleService-Info.plist */; };
		05BD4A742C64A0B200F5ED99 /* Keyboard+.swift in Sources */ = {isa = PBXBuildFile; fileRef = 05BD4A732C64A0B200F5ED99 /* Keyboard+.swift */; };
		05DC6A802C59F75A005BE3BB /* Font+.swift in Sources */ = {isa = PBXBuildFile; fileRef = 05DC6A7F2C59F75A005BE3BB /* Font+.swift */; };
		05DC6A872C5A089E005BE3BB /* FMTextField.swift in Sources */ = {isa = PBXBuildFile; fileRef = 05DC6A862C5A089E005BE3BB /* FMTextField.swift */; };
		05E983E72C6333BB00393D08 /* FirebaseFirestore in Frameworks */ = {isa = PBXBuildFile; productRef = 05E983E62C6333BB00393D08 /* FirebaseFirestore */; };
		05E983EA2C63386800393D08 /* Encodable+.swift in Sources */ = {isa = PBXBuildFile; fileRef = 05E983E92C63386800393D08 /* Encodable+.swift */; };
		05E983ED2C634ADF00393D08 /* SignUpEntity.swift in Sources */ = {isa = PBXBuildFile; fileRef = 05E983EC2C634ADF00393D08 /* SignUpEntity.swift */; };
		05E983F12C634DF300393D08 /* FirestoreService.swift in Sources */ = {isa = PBXBuildFile; fileRef = 05E983F02C634DF300393D08 /* FirestoreService.swift */; };
		05E983F32C634E9A00393D08 /* CollectionTarget.swift in Sources */ = {isa = PBXBuildFile; fileRef = 05E983F22C634E9A00393D08 /* CollectionTarget.swift */; };
		05E983F72C6365A500393D08 /* AuthenticationService.swift in Sources */ = {isa = PBXBuildFile; fileRef = 05E983F62C6365A500393D08 /* AuthenticationService.swift */; };
		05E983F92C63689E00393D08 /* FirebaseAuth in Frameworks */ = {isa = PBXBuildFile; productRef = 05E983F82C63689E00393D08 /* FirebaseAuth */; };
		05F65A702C5B7C960075E7D6 /* LoginView.swift in Sources */ = {isa = PBXBuildFile; fileRef = 05F65A6F2C5B7C960075E7D6 /* LoginView.swift */; };
		8D1E1C1E2BCBFACF0047E618 /* RswiftLibrary in Frameworks */ = {isa = PBXBuildFile; productRef = 8D1E1C1D2BCBFACF0047E618 /* RswiftLibrary */; };
		8D3C6BE22BA5E69200F44AB7 /* CombineCocoa in Frameworks */ = {isa = PBXBuildFile; productRef = 8D3C6BE12BA5E69200F44AB7 /* CombineCocoa */; };
		8D5A6BFB2BA72C7E002D5854 /* Card.swift in Sources */ = {isa = PBXBuildFile; fileRef = 8D5A6BFA2BA72C7E002D5854 /* Card.swift */; };
		8D7BFD412B8229E2001CA0EE /* MySelfApp.swift in Sources */ = {isa = PBXBuildFile; fileRef = 8D7BFD402B8229E2001CA0EE /* MySelfApp.swift */; };
		8D7BFD432B8229E2001CA0EE /* AppView.swift in Sources */ = {isa = PBXBuildFile; fileRef = 8D7BFD422B8229E2001CA0EE /* AppView.swift */; };
		8D7BFD452B8229E3001CA0EE /* Assets.xcassets in Resources */ = {isa = PBXBuildFile; fileRef = 8D7BFD442B8229E3001CA0EE /* Assets.xcassets */; };
		8D7BFD482B8229E3001CA0EE /* Preview Assets.xcassets in Resources */ = {isa = PBXBuildFile; fileRef = 8D7BFD472B8229E3001CA0EE /* Preview Assets.xcassets */; };
		8D7BFD522B8229E3001CA0EE /* MySelfTests.swift in Sources */ = {isa = PBXBuildFile; fileRef = 8D7BFD512B8229E3001CA0EE /* MySelfTests.swift */; };
		8D7BFD5C2B8229E3001CA0EE /* MySelfUITests.swift in Sources */ = {isa = PBXBuildFile; fileRef = 8D7BFD5B2B8229E3001CA0EE /* MySelfUITests.swift */; };
		8D7BFD5E2B8229E3001CA0EE /* MySelfUITestsLaunchTests.swift in Sources */ = {isa = PBXBuildFile; fileRef = 8D7BFD5D2B8229E3001CA0EE /* MySelfUITestsLaunchTests.swift */; };
		8DDC07D42BCD6D260019D478 /* NotoSansKR-ExtraBold.ttf in Resources */ = {isa = PBXBuildFile; fileRef = 8DDC07CB2BCD6D250019D478 /* NotoSansKR-ExtraBold.ttf */; };
		8DDC07D52BCD6D260019D478 /* NotoSansKR-Regular.ttf in Resources */ = {isa = PBXBuildFile; fileRef = 8DDC07CC2BCD6D250019D478 /* NotoSansKR-Regular.ttf */; };
		8DDC07D62BCD6D260019D478 /* NotoSansKR-Black.ttf in Resources */ = {isa = PBXBuildFile; fileRef = 8DDC07CD2BCD6D250019D478 /* NotoSansKR-Black.ttf */; };
		8DDC07D72BCD6D260019D478 /* NotoSansKR-ExtraLight.ttf in Resources */ = {isa = PBXBuildFile; fileRef = 8DDC07CE2BCD6D250019D478 /* NotoSansKR-ExtraLight.ttf */; };
		8DDC07D82BCD6D260019D478 /* NotoSansKR-Light.ttf in Resources */ = {isa = PBXBuildFile; fileRef = 8DDC07CF2BCD6D250019D478 /* NotoSansKR-Light.ttf */; };
		8DDC07D92BCD6D260019D478 /* NotoSansKR-Thin.ttf in Resources */ = {isa = PBXBuildFile; fileRef = 8DDC07D02BCD6D250019D478 /* NotoSansKR-Thin.ttf */; };
		8DDC07DA2BCD6D260019D478 /* NotoSansKR-SemiBold.ttf in Resources */ = {isa = PBXBuildFile; fileRef = 8DDC07D12BCD6D250019D478 /* NotoSansKR-SemiBold.ttf */; };
		8DDC07DB2BCD6D260019D478 /* NotoSansKR-Medium.ttf in Resources */ = {isa = PBXBuildFile; fileRef = 8DDC07D22BCD6D260019D478 /* NotoSansKR-Medium.ttf */; };
		8DDC07DC2BCD6D260019D478 /* NotoSansKR-Bold.ttf in Resources */ = {isa = PBXBuildFile; fileRef = 8DDC07D32BCD6D260019D478 /* NotoSansKR-Bold.ttf */; };
		8DF728BE2BB992AD00F90F1F /* CustomPageIndicator.swift in Sources */ = {isa = PBXBuildFile; fileRef = 8DF728BD2BB992AD00F90F1F /* CustomPageIndicator.swift */; };
/* End PBXBuildFile section */

/* Begin PBXContainerItemProxy section */
		8D7BFD4E2B8229E3001CA0EE /* PBXContainerItemProxy */ = {
			isa = PBXContainerItemProxy;
			containerPortal = 8D7BFD352B8229E2001CA0EE /* Project object */;
			proxyType = 1;
			remoteGlobalIDString = 8D7BFD3C2B8229E2001CA0EE;
			remoteInfo = MySelf;
		};
		8D7BFD582B8229E3001CA0EE /* PBXContainerItemProxy */ = {
			isa = PBXContainerItemProxy;
			containerPortal = 8D7BFD352B8229E2001CA0EE /* Project object */;
			proxyType = 1;
			remoteGlobalIDString = 8D7BFD3C2B8229E2001CA0EE;
			remoteInfo = MySelf;
		};
/* End PBXContainerItemProxy section */

/* Begin PBXFileReference section */
		051ABA1C2C61B55D0090F466 /* SignUpView.swift */ = {isa = PBXFileReference; lastKnownFileType = sourcecode.swift; path = SignUpView.swift; sourceTree = "<group>"; };
		051ABA222C61C1500090F466 /* FMButton.swift */ = {isa = PBXFileReference; lastKnownFileType = sourcecode.swift; path = FMButton.swift; sourceTree = "<group>"; };
		051ABA262C61FB380090F466 /* SignUpVM.swift */ = {isa = PBXFileReference; lastKnownFileType = sourcecode.swift; path = SignUpVM.swift; sourceTree = "<group>"; };
		0564D9452C63126400102A44 /* AppDelegate.swift */ = {isa = PBXFileReference; lastKnownFileType = sourcecode.swift; path = AppDelegate.swift; sourceTree = "<group>"; };
		0564D9482C6314D900102A44 /* GoogleService-Info.plist */ = {isa = PBXFileReference; fileEncoding = 4; lastKnownFileType = text.plist.xml; path = "GoogleService-Info.plist"; sourceTree = "<group>"; };
		05BD4A732C64A0B200F5ED99 /* Keyboard+.swift */ = {isa = PBXFileReference; lastKnownFileType = sourcecode.swift; path = "Keyboard+.swift"; sourceTree = "<group>"; };
		05DC6A7F2C59F75A005BE3BB /* Font+.swift */ = {isa = PBXFileReference; lastKnownFileType = sourcecode.swift; path = "Font+.swift"; sourceTree = "<group>"; };
		05DC6A862C5A089E005BE3BB /* FMTextField.swift */ = {isa = PBXFileReference; lastKnownFileType = sourcecode.swift; path = FMTextField.swift; sourceTree = "<group>"; };
		05E983E92C63386800393D08 /* Encodable+.swift */ = {isa = PBXFileReference; lastKnownFileType = sourcecode.swift; path = "Encodable+.swift"; sourceTree = "<group>"; };
		05E983EC2C634ADF00393D08 /* SignUpEntity.swift */ = {isa = PBXFileReference; lastKnownFileType = sourcecode.swift; path = SignUpEntity.swift; sourceTree = "<group>"; };
		05E983F02C634DF300393D08 /* FirestoreService.swift */ = {isa = PBXFileReference; lastKnownFileType = sourcecode.swift; path = FirestoreService.swift; sourceTree = "<group>"; };
		05E983F22C634E9A00393D08 /* CollectionTarget.swift */ = {isa = PBXFileReference; lastKnownFileType = sourcecode.swift; path = CollectionTarget.swift; sourceTree = "<group>"; };
		05E983F62C6365A500393D08 /* AuthenticationService.swift */ = {isa = PBXFileReference; lastKnownFileType = sourcecode.swift; path = AuthenticationService.swift; sourceTree = "<group>"; };
		05F65A6F2C5B7C960075E7D6 /* LoginView.swift */ = {isa = PBXFileReference; lastKnownFileType = sourcecode.swift; path = LoginView.swift; sourceTree = "<group>"; };
		8D5A6BFA2BA72C7E002D5854 /* Card.swift */ = {isa = PBXFileReference; lastKnownFileType = sourcecode.swift; path = Card.swift; sourceTree = "<group>"; };
		8D7BFD3D2B8229E2001CA0EE /* MySelf.app */ = {isa = PBXFileReference; explicitFileType = wrapper.application; includeInIndex = 0; path = MySelf.app; sourceTree = BUILT_PRODUCTS_DIR; };
		8D7BFD402B8229E2001CA0EE /* MySelfApp.swift */ = {isa = PBXFileReference; lastKnownFileType = sourcecode.swift; path = MySelfApp.swift; sourceTree = "<group>"; };
		8D7BFD422B8229E2001CA0EE /* AppView.swift */ = {isa = PBXFileReference; lastKnownFileType = sourcecode.swift; path = AppView.swift; sourceTree = "<group>"; };
		8D7BFD442B8229E3001CA0EE /* Assets.xcassets */ = {isa = PBXFileReference; lastKnownFileType = folder.assetcatalog; path = Assets.xcassets; sourceTree = "<group>"; };
		8D7BFD472B8229E3001CA0EE /* Preview Assets.xcassets */ = {isa = PBXFileReference; lastKnownFileType = folder.assetcatalog; path = "Preview Assets.xcassets"; sourceTree = "<group>"; };
		8D7BFD4D2B8229E3001CA0EE /* MySelfTests.xctest */ = {isa = PBXFileReference; explicitFileType = wrapper.cfbundle; includeInIndex = 0; path = MySelfTests.xctest; sourceTree = BUILT_PRODUCTS_DIR; };
		8D7BFD512B8229E3001CA0EE /* MySelfTests.swift */ = {isa = PBXFileReference; lastKnownFileType = sourcecode.swift; path = MySelfTests.swift; sourceTree = "<group>"; };
		8D7BFD572B8229E3001CA0EE /* MySelfUITests.xctest */ = {isa = PBXFileReference; explicitFileType = wrapper.cfbundle; includeInIndex = 0; path = MySelfUITests.xctest; sourceTree = BUILT_PRODUCTS_DIR; };
		8D7BFD5B2B8229E3001CA0EE /* MySelfUITests.swift */ = {isa = PBXFileReference; lastKnownFileType = sourcecode.swift; path = MySelfUITests.swift; sourceTree = "<group>"; };
		8D7BFD5D2B8229E3001CA0EE /* MySelfUITestsLaunchTests.swift */ = {isa = PBXFileReference; lastKnownFileType = sourcecode.swift; path = MySelfUITestsLaunchTests.swift; sourceTree = "<group>"; };
		8DDC07CB2BCD6D250019D478 /* NotoSansKR-ExtraBold.ttf */ = {isa = PBXFileReference; lastKnownFileType = file; path = "NotoSansKR-ExtraBold.ttf"; sourceTree = "<group>"; };
		8DDC07CC2BCD6D250019D478 /* NotoSansKR-Regular.ttf */ = {isa = PBXFileReference; lastKnownFileType = file; path = "NotoSansKR-Regular.ttf"; sourceTree = "<group>"; };
		8DDC07CD2BCD6D250019D478 /* NotoSansKR-Black.ttf */ = {isa = PBXFileReference; lastKnownFileType = file; path = "NotoSansKR-Black.ttf"; sourceTree = "<group>"; };
		8DDC07CE2BCD6D250019D478 /* NotoSansKR-ExtraLight.ttf */ = {isa = PBXFileReference; lastKnownFileType = file; path = "NotoSansKR-ExtraLight.ttf"; sourceTree = "<group>"; };
		8DDC07CF2BCD6D250019D478 /* NotoSansKR-Light.ttf */ = {isa = PBXFileReference; lastKnownFileType = file; path = "NotoSansKR-Light.ttf"; sourceTree = "<group>"; };
		8DDC07D02BCD6D250019D478 /* NotoSansKR-Thin.ttf */ = {isa = PBXFileReference; lastKnownFileType = file; path = "NotoSansKR-Thin.ttf"; sourceTree = "<group>"; };
		8DDC07D12BCD6D250019D478 /* NotoSansKR-SemiBold.ttf */ = {isa = PBXFileReference; lastKnownFileType = file; path = "NotoSansKR-SemiBold.ttf"; sourceTree = "<group>"; };
		8DDC07D22BCD6D260019D478 /* NotoSansKR-Medium.ttf */ = {isa = PBXFileReference; lastKnownFileType = file; path = "NotoSansKR-Medium.ttf"; sourceTree = "<group>"; };
		8DDC07D32BCD6D260019D478 /* NotoSansKR-Bold.ttf */ = {isa = PBXFileReference; lastKnownFileType = file; path = "NotoSansKR-Bold.ttf"; sourceTree = "<group>"; };
		8DDC07DE2BCD6D700019D478 /* Info.plist */ = {isa = PBXFileReference; lastKnownFileType = text.plist; path = Info.plist; sourceTree = "<group>"; };
		8DF728BD2BB992AD00F90F1F /* CustomPageIndicator.swift */ = {isa = PBXFileReference; fileEncoding = 4; lastKnownFileType = sourcecode.swift; path = CustomPageIndicator.swift; sourceTree = "<group>"; };
/* End PBXFileReference section */

/* Begin PBXFrameworksBuildPhase section */
		8D7BFD3A2B8229E2001CA0EE /* Frameworks */ = {
			isa = PBXFrameworksBuildPhase;
			buildActionMask = 2147483647;
			files = (
				8D1E1C1E2BCBFACF0047E618 /* RswiftLibrary in Frameworks */,
				05E983F92C63689E00393D08 /* FirebaseAuth in Frameworks */,
				05E983E72C6333BB00393D08 /* FirebaseFirestore in Frameworks */,
				8D3C6BE22BA5E69200F44AB7 /* CombineCocoa in Frameworks */,
				0564D9442C63124F00102A44 /* FirebaseAnalytics in Frameworks */,
			);
			runOnlyForDeploymentPostprocessing = 0;
		};
		8D7BFD4A2B8229E3001CA0EE /* Frameworks */ = {
			isa = PBXFrameworksBuildPhase;
			buildActionMask = 2147483647;
			files = (
			);
			runOnlyForDeploymentPostprocessing = 0;
		};
		8D7BFD542B8229E3001CA0EE /* Frameworks */ = {
			isa = PBXFrameworksBuildPhase;
			buildActionMask = 2147483647;
			files = (
			);
			runOnlyForDeploymentPostprocessing = 0;
		};
/* End PBXFrameworksBuildPhase section */

/* Begin PBXGroup section */
		051ABA1B2C61B53E0090F466 /* SignUp */ = {
			isa = PBXGroup;
			children = (
				05E983EB2C634ACF00393D08 /* Entity */,
				051ABA262C61FB380090F466 /* SignUpVM.swift */,
				051ABA1C2C61B55D0090F466 /* SignUpView.swift */,
			);
			path = SignUp;
			sourceTree = "<group>";
		};
		051ABA202C61C1480090F466 /* Button */ = {
			isa = PBXGroup;
			children = (
				051ABA222C61C1500090F466 /* FMButton.swift */,
			);
			path = Button;
			sourceTree = "<group>";
		};
		05DC6A772C59F740005BE3BB /* DesignSystem */ = {
			isa = PBXGroup;
			children = (
				051ABA202C61C1480090F466 /* Button */,
				05DC6A832C5A06DF005BE3BB /* TextField */,
				05DC6A7C2C59F750005BE3BB /* Font */,
				8D3C6BDA2BA5E0D800F44AB7 /* Resource */,
			);
			path = DesignSystem;
			sourceTree = "<group>";
		};
		05DC6A7C2C59F750005BE3BB /* Font */ = {
			isa = PBXGroup;
			children = (
				05DC6A7F2C59F75A005BE3BB /* Font+.swift */,
			);
			path = Font;
			sourceTree = "<group>";
		};
		05DC6A832C5A06DF005BE3BB /* TextField */ = {
			isa = PBXGroup;
			children = (
				05DC6A862C5A089E005BE3BB /* FMTextField.swift */,
			);
			path = TextField;
			sourceTree = "<group>";
		};
		05E983E82C63385F00393D08 /* Extension */ = {
			isa = PBXGroup;
			children = (
				05E983E92C63386800393D08 /* Encodable+.swift */,
				05BD4A732C64A0B200F5ED99 /* Keyboard+.swift */,
			);
			path = Extension;
			sourceTree = "<group>";
		};
		05E983EB2C634ACF00393D08 /* Entity */ = {
			isa = PBXGroup;
			children = (
				05E983EC2C634ADF00393D08 /* SignUpEntity.swift */,
			);
			path = Entity;
			sourceTree = "<group>";
		};
		05E983EE2C634DCC00393D08 /* Service */ = {
			isa = PBXGroup;
			children = (
				05E983F52C63659400393D08 /* AuthenticationService */,
				05E983EF2C634DD800393D08 /* FirestoreService */,
			);
			path = Service;
			sourceTree = "<group>";
		};
		05E983EF2C634DD800393D08 /* FirestoreService */ = {
			isa = PBXGroup;
			children = (
				05E983F02C634DF300393D08 /* FirestoreService.swift */,
				05E983F22C634E9A00393D08 /* CollectionTarget.swift */,
			);
			path = FirestoreService;
			sourceTree = "<group>";
		};
		05E983F52C63659400393D08 /* AuthenticationService */ = {
			isa = PBXGroup;
			children = (
				05E983F62C6365A500393D08 /* AuthenticationService.swift */,
			);
			path = AuthenticationService;
			sourceTree = "<group>";
		};
		05F65A6D2C5B7C890075E7D6 /* Login */ = {
			isa = PBXGroup;
			children = (
				05F65A6F2C5B7C960075E7D6 /* LoginView.swift */,
			);
			path = Login;
			sourceTree = "<group>";
		};
		8D3C6BDA2BA5E0D800F44AB7 /* Resource */ = {
			isa = PBXGroup;
			children = (
				8DDC07CA2BCD6D150019D478 /* Fonts */,
				8D3C6BDC2BA5E11F00F44AB7 /* Common */,
				8D7BFD442B8229E3001CA0EE /* Assets.xcassets */,
			);
			path = Resource;
			sourceTree = "<group>";
		};
		8D3C6BDC2BA5E11F00F44AB7 /* Common */ = {
			isa = PBXGroup;
			children = (
				8DF728BD2BB992AD00F90F1F /* CustomPageIndicator.swift */,
			);
			path = Common;
			sourceTree = "<group>";
		};
		8D7BFD342B8229E2001CA0EE = {
			isa = PBXGroup;
			children = (
				8D7BFD3F2B8229E2001CA0EE /* MySelf */,
				8D7BFD502B8229E3001CA0EE /* MySelfTests */,
				8D7BFD5A2B8229E3001CA0EE /* MySelfUITests */,
				8D7BFD3E2B8229E2001CA0EE /* Products */,
			);
			sourceTree = "<group>";
		};
		8D7BFD3E2B8229E2001CA0EE /* Products */ = {
			isa = PBXGroup;
			children = (
				8D7BFD3D2B8229E2001CA0EE /* MySelf.app */,
				8D7BFD4D2B8229E3001CA0EE /* MySelfTests.xctest */,
				8D7BFD572B8229E3001CA0EE /* MySelfUITests.xctest */,
			);
			name = Products;
			sourceTree = "<group>";
		};
		8D7BFD3F2B8229E2001CA0EE /* MySelf */ = {
			isa = PBXGroup;
			children = (
				0564D9482C6314D900102A44 /* GoogleService-Info.plist */,
				8DDC07DE2BCD6D700019D478 /* Info.plist */,
				8D7BFD702B82333B001CA0EE /* App */,
				8DA40F002BB05BE600A7D271 /* Core */,
				05E983EE2C634DCC00393D08 /* Service */,
				8D7BFD742B823382001CA0EE /* Scene */,
				05DC6A772C59F740005BE3BB /* DesignSystem */,
				8D7BFD462B8229E3001CA0EE /* Preview Content */,
			);
			path = MySelf;
			sourceTree = "<group>";
		};
		8D7BFD462B8229E3001CA0EE /* Preview Content */ = {
			isa = PBXGroup;
			children = (
				8D7BFD472B8229E3001CA0EE /* Preview Assets.xcassets */,
			);
			path = "Preview Content";
			sourceTree = "<group>";
		};
		8D7BFD502B8229E3001CA0EE /* MySelfTests */ = {
			isa = PBXGroup;
			children = (
				8D7BFD512B8229E3001CA0EE /* MySelfTests.swift */,
			);
			path = MySelfTests;
			sourceTree = "<group>";
		};
		8D7BFD5A2B8229E3001CA0EE /* MySelfUITests */ = {
			isa = PBXGroup;
			children = (
				8D7BFD5B2B8229E3001CA0EE /* MySelfUITests.swift */,
				8D7BFD5D2B8229E3001CA0EE /* MySelfUITestsLaunchTests.swift */,
			);
			path = MySelfUITests;
			sourceTree = "<group>";
		};
		8D7BFD702B82333B001CA0EE /* App */ = {
			isa = PBXGroup;
			children = (
				8D7BFD402B8229E2001CA0EE /* MySelfApp.swift */,
				0564D9452C63126400102A44 /* AppDelegate.swift */,
				8D7BFD422B8229E2001CA0EE /* AppView.swift */,
			);
			path = App;
			sourceTree = "<group>";
		};
		8D7BFD742B823382001CA0EE /* Scene */ = {
			isa = PBXGroup;
			children = (
				05F65A6D2C5B7C890075E7D6 /* Login */,
				051ABA1B2C61B53E0090F466 /* SignUp */,
			);
			path = Scene;
			sourceTree = "<group>";
		};
		8DA40F002BB05BE600A7D271 /* Core */ = {
			isa = PBXGroup;
			children = (
				05E983E82C63385F00393D08 /* Extension */,
				8DA40F012BB05BEF00A7D271 /* Model */,
			);
			path = Core;
			sourceTree = "<group>";
		};
		8DA40F012BB05BEF00A7D271 /* Model */ = {
			isa = PBXGroup;
			children = (
				8D5A6BFA2BA72C7E002D5854 /* Card.swift */,
			);
			path = Model;
			sourceTree = "<group>";
		};
		8DDC07CA2BCD6D150019D478 /* Fonts */ = {
			isa = PBXGroup;
			children = (
				8DDC07CD2BCD6D250019D478 /* NotoSansKR-Black.ttf */,
				8DDC07D32BCD6D260019D478 /* NotoSansKR-Bold.ttf */,
				8DDC07CB2BCD6D250019D478 /* NotoSansKR-ExtraBold.ttf */,
				8DDC07CE2BCD6D250019D478 /* NotoSansKR-ExtraLight.ttf */,
				8DDC07CF2BCD6D250019D478 /* NotoSansKR-Light.ttf */,
				8DDC07D22BCD6D260019D478 /* NotoSansKR-Medium.ttf */,
				8DDC07CC2BCD6D250019D478 /* NotoSansKR-Regular.ttf */,
				8DDC07D12BCD6D250019D478 /* NotoSansKR-SemiBold.ttf */,
				8DDC07D02BCD6D250019D478 /* NotoSansKR-Thin.ttf */,
			);
			path = Fonts;
			sourceTree = "<group>";
		};
/* End PBXGroup section */

/* Begin PBXNativeTarget section */
		8D7BFD3C2B8229E2001CA0EE /* MySelf */ = {
			isa = PBXNativeTarget;
			buildConfigurationList = 8D7BFD612B8229E3001CA0EE /* Build configuration list for PBXNativeTarget "MySelf" */;
			buildPhases = (
				8D7BFD392B8229E2001CA0EE /* Sources */,
				8D7BFD3A2B8229E2001CA0EE /* Frameworks */,
				8D7BFD3B2B8229E2001CA0EE /* Resources */,
			);
			buildRules = (
			);
			dependencies = (
				8D1E1C202BCBFAEA0047E618 /* PBXTargetDependency */,
			);
			name = MySelf;
			packageProductDependencies = (
				8D3C6BE12BA5E69200F44AB7 /* CombineCocoa */,
				8D1E1C1D2BCBFACF0047E618 /* RswiftLibrary */,
				0564D9432C63124F00102A44 /* FirebaseAnalytics */,
				05E983E62C6333BB00393D08 /* FirebaseFirestore */,
				05E983F82C63689E00393D08 /* FirebaseAuth */,
			);
			productName = MySelf;
			productReference = 8D7BFD3D2B8229E2001CA0EE /* MySelf.app */;
			productType = "com.apple.product-type.application";
		};
		8D7BFD4C2B8229E3001CA0EE /* MySelfTests */ = {
			isa = PBXNativeTarget;
			buildConfigurationList = 8D7BFD642B8229E3001CA0EE /* Build configuration list for PBXNativeTarget "MySelfTests" */;
			buildPhases = (
				8D7BFD492B8229E3001CA0EE /* Sources */,
				8D7BFD4A2B8229E3001CA0EE /* Frameworks */,
				8D7BFD4B2B8229E3001CA0EE /* Resources */,
			);
			buildRules = (
			);
			dependencies = (
				8D7BFD4F2B8229E3001CA0EE /* PBXTargetDependency */,
			);
			name = MySelfTests;
			productName = MySelfTests;
			productReference = 8D7BFD4D2B8229E3001CA0EE /* MySelfTests.xctest */;
			productType = "com.apple.product-type.bundle.unit-test";
		};
		8D7BFD562B8229E3001CA0EE /* MySelfUITests */ = {
			isa = PBXNativeTarget;
			buildConfigurationList = 8D7BFD672B8229E3001CA0EE /* Build configuration list for PBXNativeTarget "MySelfUITests" */;
			buildPhases = (
				8D7BFD532B8229E3001CA0EE /* Sources */,
				8D7BFD542B8229E3001CA0EE /* Frameworks */,
				8D7BFD552B8229E3001CA0EE /* Resources */,
			);
			buildRules = (
			);
			dependencies = (
				8D7BFD592B8229E3001CA0EE /* PBXTargetDependency */,
			);
			name = MySelfUITests;
			productName = MySelfUITests;
			productReference = 8D7BFD572B8229E3001CA0EE /* MySelfUITests.xctest */;
			productType = "com.apple.product-type.bundle.ui-testing";
		};
/* End PBXNativeTarget section */

/* Begin PBXProject section */
		8D7BFD352B8229E2001CA0EE /* Project object */ = {
			isa = PBXProject;
			attributes = {
				BuildIndependentTargetsInParallel = 1;
				LastSwiftUpdateCheck = 1520;
				LastUpgradeCheck = 1520;
				TargetAttributes = {
					8D7BFD3C2B8229E2001CA0EE = {
						CreatedOnToolsVersion = 15.2;
					};
					8D7BFD4C2B8229E3001CA0EE = {
						CreatedOnToolsVersion = 15.2;
						TestTargetID = 8D7BFD3C2B8229E2001CA0EE;
					};
					8D7BFD562B8229E3001CA0EE = {
						CreatedOnToolsVersion = 15.2;
						TestTargetID = 8D7BFD3C2B8229E2001CA0EE;
					};
				};
			};
			buildConfigurationList = 8D7BFD382B8229E2001CA0EE /* Build configuration list for PBXProject "MySelf" */;
			compatibilityVersion = "Xcode 14.0";
			developmentRegion = en;
			hasScannedForEncodings = 0;
			knownRegions = (
				en,
				Base,
			);
			mainGroup = 8D7BFD342B8229E2001CA0EE;
			packageReferences = (
				8D3C6BE02BA5E69200F44AB7 /* XCRemoteSwiftPackageReference "CombineCocoa" */,
				8D1E1C1C2BCBFACF0047E618 /* XCRemoteSwiftPackageReference "R" */,
				0564D9422C63124F00102A44 /* XCRemoteSwiftPackageReference "firebase-ios-sdk" */,
			);
			productRefGroup = 8D7BFD3E2B8229E2001CA0EE /* Products */;
			projectDirPath = "";
			projectRoot = "";
			targets = (
				8D7BFD3C2B8229E2001CA0EE /* MySelf */,
				8D7BFD4C2B8229E3001CA0EE /* MySelfTests */,
				8D7BFD562B8229E3001CA0EE /* MySelfUITests */,
			);
		};
/* End PBXProject section */

/* Begin PBXResourcesBuildPhase section */
		8D7BFD3B2B8229E2001CA0EE /* Resources */ = {
			isa = PBXResourcesBuildPhase;
			buildActionMask = 2147483647;
			files = (
				8D7BFD482B8229E3001CA0EE /* Preview Assets.xcassets in Resources */,
				8DDC07DA2BCD6D260019D478 /* NotoSansKR-SemiBold.ttf in Resources */,
				8DDC07D92BCD6D260019D478 /* NotoSansKR-Thin.ttf in Resources */,
				8DDC07D42BCD6D260019D478 /* NotoSansKR-ExtraBold.ttf in Resources */,
				8D7BFD452B8229E3001CA0EE /* Assets.xcassets in Resources */,
				0564D9492C6314D900102A44 /* GoogleService-Info.plist in Resources */,
				8DDC07D62BCD6D260019D478 /* NotoSansKR-Black.ttf in Resources */,
				8DDC07D82BCD6D260019D478 /* NotoSansKR-Light.ttf in Resources */,
				8DDC07DB2BCD6D260019D478 /* NotoSansKR-Medium.ttf in Resources */,
				8DDC07D72BCD6D260019D478 /* NotoSansKR-ExtraLight.ttf in Resources */,
				8DDC07D52BCD6D260019D478 /* NotoSansKR-Regular.ttf in Resources */,
				8DDC07DC2BCD6D260019D478 /* NotoSansKR-Bold.ttf in Resources */,
			);
			runOnlyForDeploymentPostprocessing = 0;
		};
		8D7BFD4B2B8229E3001CA0EE /* Resources */ = {
			isa = PBXResourcesBuildPhase;
			buildActionMask = 2147483647;
			files = (
			);
			runOnlyForDeploymentPostprocessing = 0;
		};
		8D7BFD552B8229E3001CA0EE /* Resources */ = {
			isa = PBXResourcesBuildPhase;
			buildActionMask = 2147483647;
			files = (
			);
			runOnlyForDeploymentPostprocessing = 0;
		};
/* End PBXResourcesBuildPhase section */

/* Begin PBXSourcesBuildPhase section */
		8D7BFD392B8229E2001CA0EE /* Sources */ = {
			isa = PBXSourcesBuildPhase;
			buildActionMask = 2147483647;
			files = (
				0564D9462C63126400102A44 /* AppDelegate.swift in Sources */,
				05DC6A802C59F75A005BE3BB /* Font+.swift in Sources */,
				05DC6A872C5A089E005BE3BB /* FMTextField.swift in Sources */,
				05E983EA2C63386800393D08 /* Encodable+.swift in Sources */,
				8D7BFD432B8229E2001CA0EE /* AppView.swift in Sources */,
				051ABA232C61C1500090F466 /* FMButton.swift in Sources */,
				8D7BFD412B8229E2001CA0EE /* MySelfApp.swift in Sources */,
				05E983F72C6365A500393D08 /* AuthenticationService.swift in Sources */,
				05E983F12C634DF300393D08 /* FirestoreService.swift in Sources */,
				051ABA1D2C61B55D0090F466 /* SignUpView.swift in Sources */,
				05E983F32C634E9A00393D08 /* CollectionTarget.swift in Sources */,
				05BD4A742C64A0B200F5ED99 /* Keyboard+.swift in Sources */,
				8DF728BE2BB992AD00F90F1F /* CustomPageIndicator.swift in Sources */,
				05F65A702C5B7C960075E7D6 /* LoginView.swift in Sources */,
				05E983ED2C634ADF00393D08 /* SignUpEntity.swift in Sources */,
				051ABA272C61FB380090F466 /* SignUpVM.swift in Sources */,
				8D5A6BFB2BA72C7E002D5854 /* Card.swift in Sources */,
			);
			runOnlyForDeploymentPostprocessing = 0;
		};
		8D7BFD492B8229E3001CA0EE /* Sources */ = {
			isa = PBXSourcesBuildPhase;
			buildActionMask = 2147483647;
			files = (
				8D7BFD522B8229E3001CA0EE /* MySelfTests.swift in Sources */,
			);
			runOnlyForDeploymentPostprocessing = 0;
		};
		8D7BFD532B8229E3001CA0EE /* Sources */ = {
			isa = PBXSourcesBuildPhase;
			buildActionMask = 2147483647;
			files = (
				8D7BFD5E2B8229E3001CA0EE /* MySelfUITestsLaunchTests.swift in Sources */,
				8D7BFD5C2B8229E3001CA0EE /* MySelfUITests.swift in Sources */,
			);
			runOnlyForDeploymentPostprocessing = 0;
		};
/* End PBXSourcesBuildPhase section */

/* Begin PBXTargetDependency section */
		8D1E1C202BCBFAEA0047E618 /* PBXTargetDependency */ = {
			isa = PBXTargetDependency;
			productRef = 8D1E1C1F2BCBFAEA0047E618 /* RswiftGenerateInternalResources */;
		};
		8D7BFD4F2B8229E3001CA0EE /* PBXTargetDependency */ = {
			isa = PBXTargetDependency;
			target = 8D7BFD3C2B8229E2001CA0EE /* MySelf */;
			targetProxy = 8D7BFD4E2B8229E3001CA0EE /* PBXContainerItemProxy */;
		};
		8D7BFD592B8229E3001CA0EE /* PBXTargetDependency */ = {
			isa = PBXTargetDependency;
			target = 8D7BFD3C2B8229E2001CA0EE /* MySelf */;
			targetProxy = 8D7BFD582B8229E3001CA0EE /* PBXContainerItemProxy */;
		};
/* End PBXTargetDependency section */

/* Begin XCBuildConfiguration section */
		8D7BFD5F2B8229E3001CA0EE /* Debug */ = {
			isa = XCBuildConfiguration;
			buildSettings = {
				ALWAYS_SEARCH_USER_PATHS = NO;
				ASSETCATALOG_COMPILER_GENERATE_SWIFT_ASSET_SYMBOL_EXTENSIONS = YES;
				CLANG_ANALYZER_NONNULL = YES;
				CLANG_ANALYZER_NUMBER_OBJECT_CONVERSION = YES_AGGRESSIVE;
				CLANG_CXX_LANGUAGE_STANDARD = "gnu++20";
				CLANG_ENABLE_MODULES = YES;
				CLANG_ENABLE_OBJC_ARC = YES;
				CLANG_ENABLE_OBJC_WEAK = YES;
				CLANG_WARN_BLOCK_CAPTURE_AUTORELEASING = YES;
				CLANG_WARN_BOOL_CONVERSION = YES;
				CLANG_WARN_COMMA = YES;
				CLANG_WARN_CONSTANT_CONVERSION = YES;
				CLANG_WARN_DEPRECATED_OBJC_IMPLEMENTATIONS = YES;
				CLANG_WARN_DIRECT_OBJC_ISA_USAGE = YES_ERROR;
				CLANG_WARN_DOCUMENTATION_COMMENTS = YES;
				CLANG_WARN_EMPTY_BODY = YES;
				CLANG_WARN_ENUM_CONVERSION = YES;
				CLANG_WARN_INFINITE_RECURSION = YES;
				CLANG_WARN_INT_CONVERSION = YES;
				CLANG_WARN_NON_LITERAL_NULL_CONVERSION = YES;
				CLANG_WARN_OBJC_IMPLICIT_RETAIN_SELF = YES;
				CLANG_WARN_OBJC_LITERAL_CONVERSION = YES;
				CLANG_WARN_OBJC_ROOT_CLASS = YES_ERROR;
				CLANG_WARN_QUOTED_INCLUDE_IN_FRAMEWORK_HEADER = YES;
				CLANG_WARN_RANGE_LOOP_ANALYSIS = YES;
				CLANG_WARN_STRICT_PROTOTYPES = YES;
				CLANG_WARN_SUSPICIOUS_MOVE = YES;
				CLANG_WARN_UNGUARDED_AVAILABILITY = YES_AGGRESSIVE;
				CLANG_WARN_UNREACHABLE_CODE = YES;
				CLANG_WARN__DUPLICATE_METHOD_MATCH = YES;
				COPY_PHASE_STRIP = NO;
				DEBUG_INFORMATION_FORMAT = dwarf;
				ENABLE_STRICT_OBJC_MSGSEND = YES;
				ENABLE_TESTABILITY = YES;
				ENABLE_USER_SCRIPT_SANDBOXING = YES;
				GCC_C_LANGUAGE_STANDARD = gnu17;
				GCC_DYNAMIC_NO_PIC = NO;
				GCC_NO_COMMON_BLOCKS = YES;
				GCC_OPTIMIZATION_LEVEL = 0;
				GCC_PREPROCESSOR_DEFINITIONS = (
					"DEBUG=1",
					"$(inherited)",
				);
				GCC_WARN_64_TO_32_BIT_CONVERSION = YES;
				GCC_WARN_ABOUT_RETURN_TYPE = YES_ERROR;
				GCC_WARN_UNDECLARED_SELECTOR = YES;
				GCC_WARN_UNINITIALIZED_AUTOS = YES_AGGRESSIVE;
				GCC_WARN_UNUSED_FUNCTION = YES;
				GCC_WARN_UNUSED_VARIABLE = YES;
				IPHONEOS_DEPLOYMENT_TARGET = 16.0;
				LOCALIZATION_PREFERS_STRING_CATALOGS = YES;
				MTL_ENABLE_DEBUG_INFO = INCLUDE_SOURCE;
				MTL_FAST_MATH = YES;
				ONLY_ACTIVE_ARCH = YES;
				SDKROOT = iphoneos;
				SWIFT_ACTIVE_COMPILATION_CONDITIONS = "DEBUG $(inherited)";
				SWIFT_OPTIMIZATION_LEVEL = "-Onone";
			};
			name = Debug;
		};
		8D7BFD602B8229E3001CA0EE /* Release */ = {
			isa = XCBuildConfiguration;
			buildSettings = {
				ALWAYS_SEARCH_USER_PATHS = NO;
				ASSETCATALOG_COMPILER_GENERATE_SWIFT_ASSET_SYMBOL_EXTENSIONS = YES;
				CLANG_ANALYZER_NONNULL = YES;
				CLANG_ANALYZER_NUMBER_OBJECT_CONVERSION = YES_AGGRESSIVE;
				CLANG_CXX_LANGUAGE_STANDARD = "gnu++20";
				CLANG_ENABLE_MODULES = YES;
				CLANG_ENABLE_OBJC_ARC = YES;
				CLANG_ENABLE_OBJC_WEAK = YES;
				CLANG_WARN_BLOCK_CAPTURE_AUTORELEASING = YES;
				CLANG_WARN_BOOL_CONVERSION = YES;
				CLANG_WARN_COMMA = YES;
				CLANG_WARN_CONSTANT_CONVERSION = YES;
				CLANG_WARN_DEPRECATED_OBJC_IMPLEMENTATIONS = YES;
				CLANG_WARN_DIRECT_OBJC_ISA_USAGE = YES_ERROR;
				CLANG_WARN_DOCUMENTATION_COMMENTS = YES;
				CLANG_WARN_EMPTY_BODY = YES;
				CLANG_WARN_ENUM_CONVERSION = YES;
				CLANG_WARN_INFINITE_RECURSION = YES;
				CLANG_WARN_INT_CONVERSION = YES;
				CLANG_WARN_NON_LITERAL_NULL_CONVERSION = YES;
				CLANG_WARN_OBJC_IMPLICIT_RETAIN_SELF = YES;
				CLANG_WARN_OBJC_LITERAL_CONVERSION = YES;
				CLANG_WARN_OBJC_ROOT_CLASS = YES_ERROR;
				CLANG_WARN_QUOTED_INCLUDE_IN_FRAMEWORK_HEADER = YES;
				CLANG_WARN_RANGE_LOOP_ANALYSIS = YES;
				CLANG_WARN_STRICT_PROTOTYPES = YES;
				CLANG_WARN_SUSPICIOUS_MOVE = YES;
				CLANG_WARN_UNGUARDED_AVAILABILITY = YES_AGGRESSIVE;
				CLANG_WARN_UNREACHABLE_CODE = YES;
				CLANG_WARN__DUPLICATE_METHOD_MATCH = YES;
				COPY_PHASE_STRIP = NO;
				DEBUG_INFORMATION_FORMAT = "dwarf-with-dsym";
				ENABLE_NS_ASSERTIONS = NO;
				ENABLE_STRICT_OBJC_MSGSEND = YES;
				ENABLE_USER_SCRIPT_SANDBOXING = YES;
				GCC_C_LANGUAGE_STANDARD = gnu17;
				GCC_NO_COMMON_BLOCKS = YES;
				GCC_WARN_64_TO_32_BIT_CONVERSION = YES;
				GCC_WARN_ABOUT_RETURN_TYPE = YES_ERROR;
				GCC_WARN_UNDECLARED_SELECTOR = YES;
				GCC_WARN_UNINITIALIZED_AUTOS = YES_AGGRESSIVE;
				GCC_WARN_UNUSED_FUNCTION = YES;
				GCC_WARN_UNUSED_VARIABLE = YES;
				IPHONEOS_DEPLOYMENT_TARGET = 16.0;
				LOCALIZATION_PREFERS_STRING_CATALOGS = YES;
				MTL_ENABLE_DEBUG_INFO = NO;
				MTL_FAST_MATH = YES;
				SDKROOT = iphoneos;
				SWIFT_COMPILATION_MODE = wholemodule;
				VALIDATE_PRODUCT = YES;
			};
			name = Release;
		};
		8D7BFD622B8229E3001CA0EE /* Debug */ = {
			isa = XCBuildConfiguration;
			buildSettings = {
				ASSETCATALOG_COMPILER_APPICON_NAME = AppIcon;
				ASSETCATALOG_COMPILER_GLOBAL_ACCENT_COLOR_NAME = AccentColor;
				CODE_SIGN_STYLE = Automatic;
				CURRENT_PROJECT_VERSION = 1;
				DEVELOPMENT_ASSET_PATHS = "\"MySelf/Preview Content\"";
				DEVELOPMENT_TEAM = 54V3G99LL8;
				ENABLE_PREVIEWS = YES;
				GENERATE_INFOPLIST_FILE = YES;
				INFOPLIST_FILE = MySelf/Info.plist;
				INFOPLIST_KEY_CFBundleDisplayName = MySelf;
				INFOPLIST_KEY_UIApplicationSceneManifest_Generation = YES;
				INFOPLIST_KEY_UIApplicationSupportsIndirectInputEvents = YES;
				INFOPLIST_KEY_UILaunchScreen_Generation = YES;
				INFOPLIST_KEY_UIStatusBarStyle = "";
				INFOPLIST_KEY_UISupportedInterfaceOrientations = UIInterfaceOrientationPortrait;
				IPHONEOS_DEPLOYMENT_TARGET = 16.0;
				LD_RUNPATH_SEARCH_PATHS = (
					"$(inherited)",
					"@executable_path/Frameworks",
				);
				MARKETING_VERSION = 1.0;
				PRODUCT_BUNDLE_IDENTIFIER = com.lonalia.MySelf;
				PRODUCT_NAME = "$(TARGET_NAME)";
				SUPPORTED_PLATFORMS = "iphoneos iphonesimulator";
				SUPPORTS_MACCATALYST = NO;
				SUPPORTS_MAC_DESIGNED_FOR_IPHONE_IPAD = NO;
				SUPPORTS_XR_DESIGNED_FOR_IPHONE_IPAD = NO;
				SWIFT_EMIT_LOC_STRINGS = YES;
				SWIFT_VERSION = 5.0;
				TARGETED_DEVICE_FAMILY = 1;
			};
			name = Debug;
		};
		8D7BFD632B8229E3001CA0EE /* Release */ = {
			isa = XCBuildConfiguration;
			buildSettings = {
				ASSETCATALOG_COMPILER_APPICON_NAME = AppIcon;
				ASSETCATALOG_COMPILER_GLOBAL_ACCENT_COLOR_NAME = AccentColor;
				CODE_SIGN_STYLE = Automatic;
				CURRENT_PROJECT_VERSION = 1;
				DEVELOPMENT_ASSET_PATHS = "\"MySelf/Preview Content\"";
				DEVELOPMENT_TEAM = 54V3G99LL8;
				ENABLE_PREVIEWS = YES;
				GENERATE_INFOPLIST_FILE = YES;
				INFOPLIST_FILE = MySelf/Info.plist;
				INFOPLIST_KEY_CFBundleDisplayName = MySelf;
				INFOPLIST_KEY_UIApplicationSceneManifest_Generation = YES;
				INFOPLIST_KEY_UIApplicationSupportsIndirectInputEvents = YES;
				INFOPLIST_KEY_UILaunchScreen_Generation = YES;
				INFOPLIST_KEY_UIStatusBarStyle = "";
				INFOPLIST_KEY_UISupportedInterfaceOrientations = UIInterfaceOrientationPortrait;
				IPHONEOS_DEPLOYMENT_TARGET = 16.0;
				LD_RUNPATH_SEARCH_PATHS = (
					"$(inherited)",
					"@executable_path/Frameworks",
				);
				MARKETING_VERSION = 1.0;
				PRODUCT_BUNDLE_IDENTIFIER = com.lonalia.MySelf;
				PRODUCT_NAME = "$(TARGET_NAME)";
				SUPPORTED_PLATFORMS = "iphoneos iphonesimulator";
				SUPPORTS_MACCATALYST = NO;
				SUPPORTS_MAC_DESIGNED_FOR_IPHONE_IPAD = NO;
				SUPPORTS_XR_DESIGNED_FOR_IPHONE_IPAD = NO;
				SWIFT_EMIT_LOC_STRINGS = YES;
				SWIFT_VERSION = 5.0;
				TARGETED_DEVICE_FAMILY = 1;
			};
			name = Release;
		};
		8D7BFD652B8229E3001CA0EE /* Debug */ = {
			isa = XCBuildConfiguration;
			buildSettings = {
				ALWAYS_EMBED_SWIFT_STANDARD_LIBRARIES = YES;
				BUNDLE_LOADER = "$(TEST_HOST)";
				CODE_SIGN_STYLE = Automatic;
				CURRENT_PROJECT_VERSION = 1;
				DEVELOPMENT_TEAM = GMHUACJXLZ;
				GENERATE_INFOPLIST_FILE = YES;
				IPHONEOS_DEPLOYMENT_TARGET = 16.0;
				MARKETING_VERSION = 1.0;
				PRODUCT_BUNDLE_IDENTIFIER = com.lonalia.MySelfTests;
				PRODUCT_NAME = "$(TARGET_NAME)";
				SWIFT_EMIT_LOC_STRINGS = NO;
				SWIFT_VERSION = 5.0;
				TARGETED_DEVICE_FAMILY = "1,2";
				TEST_HOST = "$(BUILT_PRODUCTS_DIR)/MySelf.app/$(BUNDLE_EXECUTABLE_FOLDER_PATH)/MySelf";
			};
			name = Debug;
		};
		8D7BFD662B8229E3001CA0EE /* Release */ = {
			isa = XCBuildConfiguration;
			buildSettings = {
				ALWAYS_EMBED_SWIFT_STANDARD_LIBRARIES = YES;
				BUNDLE_LOADER = "$(TEST_HOST)";
				CODE_SIGN_STYLE = Automatic;
				CURRENT_PROJECT_VERSION = 1;
				DEVELOPMENT_TEAM = GMHUACJXLZ;
				GENERATE_INFOPLIST_FILE = YES;
				IPHONEOS_DEPLOYMENT_TARGET = 16.0;
				MARKETING_VERSION = 1.0;
				PRODUCT_BUNDLE_IDENTIFIER = com.lonalia.MySelfTests;
				PRODUCT_NAME = "$(TARGET_NAME)";
				SWIFT_EMIT_LOC_STRINGS = NO;
				SWIFT_VERSION = 5.0;
				TARGETED_DEVICE_FAMILY = "1,2";
				TEST_HOST = "$(BUILT_PRODUCTS_DIR)/MySelf.app/$(BUNDLE_EXECUTABLE_FOLDER_PATH)/MySelf";
			};
			name = Release;
		};
		8D7BFD682B8229E3001CA0EE /* Debug */ = {
			isa = XCBuildConfiguration;
			buildSettings = {
				ALWAYS_EMBED_SWIFT_STANDARD_LIBRARIES = YES;
				CODE_SIGN_STYLE = Automatic;
				CURRENT_PROJECT_VERSION = 1;
				DEVELOPMENT_TEAM = GMHUACJXLZ;
				GENERATE_INFOPLIST_FILE = YES;
				IPHONEOS_DEPLOYMENT_TARGET = 16.0;
				MARKETING_VERSION = 1.0;
				PRODUCT_BUNDLE_IDENTIFIER = com.lonalia.MySelfUITests;
				PRODUCT_NAME = "$(TARGET_NAME)";
				SWIFT_EMIT_LOC_STRINGS = NO;
				SWIFT_VERSION = 5.0;
				TARGETED_DEVICE_FAMILY = "1,2";
				TEST_TARGET_NAME = MySelf;
			};
			name = Debug;
		};
		8D7BFD692B8229E3001CA0EE /* Release */ = {
			isa = XCBuildConfiguration;
			buildSettings = {
				ALWAYS_EMBED_SWIFT_STANDARD_LIBRARIES = YES;
				CODE_SIGN_STYLE = Automatic;
				CURRENT_PROJECT_VERSION = 1;
				DEVELOPMENT_TEAM = GMHUACJXLZ;
				GENERATE_INFOPLIST_FILE = YES;
				IPHONEOS_DEPLOYMENT_TARGET = 16.0;
				MARKETING_VERSION = 1.0;
				PRODUCT_BUNDLE_IDENTIFIER = com.lonalia.MySelfUITests;
				PRODUCT_NAME = "$(TARGET_NAME)";
				SWIFT_EMIT_LOC_STRINGS = NO;
				SWIFT_VERSION = 5.0;
				TARGETED_DEVICE_FAMILY = "1,2";
				TEST_TARGET_NAME = MySelf;
			};
			name = Release;
		};
/* End XCBuildConfiguration section */

/* Begin XCConfigurationList section */
		8D7BFD382B8229E2001CA0EE /* Build configuration list for PBXProject "MySelf" */ = {
			isa = XCConfigurationList;
			buildConfigurations = (
				8D7BFD5F2B8229E3001CA0EE /* Debug */,
				8D7BFD602B8229E3001CA0EE /* Release */,
			);
			defaultConfigurationIsVisible = 0;
			defaultConfigurationName = Release;
		};
		8D7BFD612B8229E3001CA0EE /* Build configuration list for PBXNativeTarget "MySelf" */ = {
			isa = XCConfigurationList;
			buildConfigurations = (
				8D7BFD622B8229E3001CA0EE /* Debug */,
				8D7BFD632B8229E3001CA0EE /* Release */,
			);
			defaultConfigurationIsVisible = 0;
			defaultConfigurationName = Release;
		};
		8D7BFD642B8229E3001CA0EE /* Build configuration list for PBXNativeTarget "MySelfTests" */ = {
			isa = XCConfigurationList;
			buildConfigurations = (
				8D7BFD652B8229E3001CA0EE /* Debug */,
				8D7BFD662B8229E3001CA0EE /* Release */,
			);
			defaultConfigurationIsVisible = 0;
			defaultConfigurationName = Release;
		};
		8D7BFD672B8229E3001CA0EE /* Build configuration list for PBXNativeTarget "MySelfUITests" */ = {
			isa = XCConfigurationList;
			buildConfigurations = (
				8D7BFD682B8229E3001CA0EE /* Debug */,
				8D7BFD692B8229E3001CA0EE /* Release */,
			);
			defaultConfigurationIsVisible = 0;
			defaultConfigurationName = Release;
		};
/* End XCConfigurationList section */

/* Begin XCRemoteSwiftPackageReference section */
		0564D9422C63124F00102A44 /* XCRemoteSwiftPackageReference "firebase-ios-sdk" */ = {
			isa = XCRemoteSwiftPackageReference;
			repositoryURL = "https://github.com/firebase/firebase-ios-sdk.git";
			requirement = {
				kind = upToNextMajorVersion;
				minimumVersion = 11.0.0;
			};
		};
		8D1E1C1C2BCBFACF0047E618 /* XCRemoteSwiftPackageReference "R" */ = {
			isa = XCRemoteSwiftPackageReference;
			repositoryURL = "https://github.com/mac-cain13/R.swift";
			requirement = {
				kind = upToNextMajorVersion;
				minimumVersion = 7.5.0;
			};
		};
		8D3C6BE02BA5E69200F44AB7 /* XCRemoteSwiftPackageReference "CombineCocoa" */ = {
			isa = XCRemoteSwiftPackageReference;
			repositoryURL = "https://github.com/CombineCommunity/CombineCocoa";
			requirement = {
				kind = upToNextMajorVersion;
				minimumVersion = 0.4.1;
			};
		};
/* End XCRemoteSwiftPackageReference section */

/* Begin XCSwiftPackageProductDependency section */
		0564D9432C63124F00102A44 /* FirebaseAnalytics */ = {
			isa = XCSwiftPackageProductDependency;
			package = 0564D9422C63124F00102A44 /* XCRemoteSwiftPackageReference "firebase-ios-sdk" */;
			productName = FirebaseAnalytics;
		};
		05E983E62C6333BB00393D08 /* FirebaseFirestore */ = {
			isa = XCSwiftPackageProductDependency;
			package = 0564D9422C63124F00102A44 /* XCRemoteSwiftPackageReference "firebase-ios-sdk" */;
			productName = FirebaseFirestore;
		};
		05E983F82C63689E00393D08 /* FirebaseAuth */ = {
			isa = XCSwiftPackageProductDependency;
			package = 0564D9422C63124F00102A44 /* XCRemoteSwiftPackageReference "firebase-ios-sdk" */;
			productName = FirebaseAuth;
		};
		8D1E1C1D2BCBFACF0047E618 /* RswiftLibrary */ = {
			isa = XCSwiftPackageProductDependency;
			package = 8D1E1C1C2BCBFACF0047E618 /* XCRemoteSwiftPackageReference "R" */;
			productName = RswiftLibrary;
		};
		8D1E1C1F2BCBFAEA0047E618 /* RswiftGenerateInternalResources */ = {
			isa = XCSwiftPackageProductDependency;
			productName = "plugin:RswiftGenerateInternalResources";
		};
		8D3C6BE12BA5E69200F44AB7 /* CombineCocoa */ = {
			isa = XCSwiftPackageProductDependency;
			package = 8D3C6BE02BA5E69200F44AB7 /* XCRemoteSwiftPackageReference "CombineCocoa" */;
			productName = CombineCocoa;
		};
/* End XCSwiftPackageProductDependency section */
	};
	rootObject = 8D7BFD352B8229E2001CA0EE /* Project object */;
}
