// !$*UTF8*$!
{
	archiveVersion = 1;
	classes = {
	};
	objectVersion = 56;
	objects = {

/* Begin PBXBuildFile section */
		8D7BFD412B8229E2001CA0EE /* MySelfApp.swift in Sources */ = {isa = PBXBuildFile; fileRef = 8D7BFD402B8229E2001CA0EE /* MySelfApp.swift */; };
		8D7BFD432B8229E2001CA0EE /* ContentView.swift in Sources */ = {isa = PBXBuildFile; fileRef = 8D7BFD422B8229E2001CA0EE /* ContentView.swift */; };
		8D7BFD452B8229E3001CA0EE /* Assets.xcassets in Resources */ = {isa = PBXBuildFile; fileRef = 8D7BFD442B8229E3001CA0EE /* Assets.xcassets */; };
		8D7BFD482B8229E3001CA0EE /* Preview Assets.xcassets in Resources */ = {isa = PBXBuildFile; fileRef = 8D7BFD472B8229E3001CA0EE /* Preview Assets.xcassets */; };
		8D7BFD522B8229E3001CA0EE /* MySelfTests.swift in Sources */ = {isa = PBXBuildFile; fileRef = 8D7BFD512B8229E3001CA0EE /* MySelfTests.swift */; };
		8D7BFD5C2B8229E3001CA0EE /* MySelfUITests.swift in Sources */ = {isa = PBXBuildFile; fileRef = 8D7BFD5B2B8229E3001CA0EE /* MySelfUITests.swift */; };
		8D7BFD5E2B8229E3001CA0EE /* MySelfUITestsLaunchTests.swift in Sources */ = {isa = PBXBuildFile; fileRef = 8D7BFD5D2B8229E3001CA0EE /* MySelfUITestsLaunchTests.swift */; };
		8D7BFD6C2B822C09001CA0EE /* TCACoordinators in Frameworks */ = {isa = PBXBuildFile; productRef = 8D7BFD6B2B822C09001CA0EE /* TCACoordinators */; };
		8D7BFD6F2B822C15001CA0EE /* ComposableArchitecture in Frameworks */ = {isa = PBXBuildFile; productRef = 8D7BFD6E2B822C15001CA0EE /* ComposableArchitecture */; };
/* End PBXBuildFile section */

/* Begin PBXContainerItemProxy section */
		8D7BFD4E2B8229E3001CA0EE /* PBXContainerItemProxy */ = {
			isa = PBXContainerItemProxy;
			containerPortal = 8D7BFD352B8229E2001CA0EE /* Project object */;
			proxyType = 1;
			remoteGlobalIDString = 8D7BFD3C2B8229E2001CA0EE;
			remoteInfo = MySelf;
		};
		8D7BFD582B8229E3001CA0EE /* PBXContainerItemProxy */ = {
			isa = PBXContainerItemProxy;
			containerPortal = 8D7BFD352B8229E2001CA0EE /* Project object */;
			proxyType = 1;
			remoteGlobalIDString = 8D7BFD3C2B8229E2001CA0EE;
			remoteInfo = MySelf;
		};
/* End PBXContainerItemProxy section */

/* Begin PBXFileReference section */
		8D7BFD3D2B8229E2001CA0EE /* MySelf.app */ = {isa = PBXFileReference; explicitFileType = wrapper.application; includeInIndex = 0; path = MySelf.app; sourceTree = BUILT_PRODUCTS_DIR; };
		8D7BFD402B8229E2001CA0EE /* MySelfApp.swift */ = {isa = PBXFileReference; lastKnownFileType = sourcecode.swift; path = MySelfApp.swift; sourceTree = "<group>"; };
		8D7BFD422B8229E2001CA0EE /* ContentView.swift */ = {isa = PBXFileReference; lastKnownFileType = sourcecode.swift; path = ContentView.swift; sourceTree = "<group>"; };
		8D7BFD442B8229E3001CA0EE /* Assets.xcassets */ = {isa = PBXFileReference; lastKnownFileType = folder.assetcatalog; path = Assets.xcassets; sourceTree = "<group>"; };
		8D7BFD472B8229E3001CA0EE /* Preview Assets.xcassets */ = {isa = PBXFileReference; lastKnownFileType = folder.assetcatalog; path = "Preview Assets.xcassets"; sourceTree = "<group>"; };
		8D7BFD4D2B8229E3001CA0EE /* MySelfTests.xctest */ = {isa = PBXFileReference; explicitFileType = wrapper.cfbundle; includeInIndex = 0; path = MySelfTests.xctest; sourceTree = BUILT_PRODUCTS_DIR; };
		8D7BFD512B8229E3001CA0EE /* MySelfTests.swift */ = {isa = PBXFileReference; lastKnownFileType = sourcecode.swift; path = MySelfTests.swift; sourceTree = "<group>"; };
		8D7BFD572B8229E3001CA0EE /* MySelfUITests.xctest */ = {isa = PBXFileReference; explicitFileType = wrapper.cfbundle; includeInIndex = 0; path = MySelfUITests.xctest; sourceTree = BUILT_PRODUCTS_DIR; };
		8D7BFD5B2B8229E3001CA0EE /* MySelfUITests.swift */ = {isa = PBXFileReference; lastKnownFileType = sourcecode.swift; path = MySelfUITests.swift; sourceTree = "<group>"; };
		8D7BFD5D2B8229E3001CA0EE /* MySelfUITestsLaunchTests.swift */ = {isa = PBXFileReference; lastKnownFileType = sourcecode.swift; path = MySelfUITestsLaunchTests.swift; sourceTree = "<group>"; };
/* End PBXFileReference section */

/* Begin PBXFrameworksBuildPhase section */
		8D7BFD3A2B8229E2001CA0EE /* Frameworks */ = {
			isa = PBXFrameworksBuildPhase;
			buildActionMask = 2147483647;
			files = (
				8D7BFD6F2B822C15001CA0EE /* ComposableArchitecture in Frameworks */,
				8D7BFD6C2B822C09001CA0EE /* TCACoordinators in Frameworks */,
			);
			runOnlyForDeploymentPostprocessing = 0;
		};
		8D7BFD4A2B8229E3001CA0EE /* Frameworks */ = {
			isa = PBXFrameworksBuildPhase;
			buildActionMask = 2147483647;
			files = (
			);
			runOnlyForDeploymentPostprocessing = 0;
		};
		8D7BFD542B8229E3001CA0EE /* Frameworks */ = {
			isa = PBXFrameworksBuildPhase;
			buildActionMask = 2147483647;
			files = (
			);
			runOnlyForDeploymentPostprocessing = 0;
		};
/* End PBXFrameworksBuildPhase section */

/* Begin PBXGroup section */
		8D7BFD342B8229E2001CA0EE = {
			isa = PBXGroup;
			children = (
				8D7BFD3F2B8229E2001CA0EE /* MySelf */,
				8D7BFD502B8229E3001CA0EE /* MySelfTests */,
				8D7BFD5A2B8229E3001CA0EE /* MySelfUITests */,
				8D7BFD3E2B8229E2001CA0EE /* Products */,
			);
			sourceTree = "<group>";
		};
		8D7BFD3E2B8229E2001CA0EE /* Products */ = {
			isa = PBXGroup;
			children = (
				8D7BFD3D2B8229E2001CA0EE /* MySelf.app */,
				8D7BFD4D2B8229E3001CA0EE /* MySelfTests.xctest */,
				8D7BFD572B8229E3001CA0EE /* MySelfUITests.xctest */,
			);
			name = Products;
			sourceTree = "<group>";
		};
		8D7BFD3F2B8229E2001CA0EE /* MySelf */ = {
			isa = PBXGroup;
			children = (
				8D7BFD402B8229E2001CA0EE /* MySelfApp.swift */,
				8D7BFD422B8229E2001CA0EE /* ContentView.swift */,
				8D7BFD442B8229E3001CA0EE /* Assets.xcassets */,
				8D7BFD462B8229E3001CA0EE /* Preview Content */,
			);
			path = MySelf;
			sourceTree = "<group>";
		};
		8D7BFD462B8229E3001CA0EE /* Preview Content */ = {
			isa = PBXGroup;
			children = (
				8D7BFD472B8229E3001CA0EE /* Preview Assets.xcassets */,
			);
			path = "Preview Content";
			sourceTree = "<group>";
		};
		8D7BFD502B8229E3001CA0EE /* MySelfTests */ = {
			isa = PBXGroup;
			children = (
				8D7BFD512B8229E3001CA0EE /* MySelfTests.swift */,
			);
			path = MySelfTests;
			sourceTree = "<group>";
		};
		8D7BFD5A2B8229E3001CA0EE /* MySelfUITests */ = {
			isa = PBXGroup;
			children = (
				8D7BFD5B2B8229E3001CA0EE /* MySelfUITests.swift */,
				8D7BFD5D2B8229E3001CA0EE /* MySelfUITestsLaunchTests.swift */,
			);
			path = MySelfUITests;
			sourceTree = "<group>";
		};
/* End PBXGroup section */

/* Begin PBXNativeTarget section */
		8D7BFD3C2B8229E2001CA0EE /* MySelf */ = {
			isa = PBXNativeTarget;
			buildConfigurationList = 8D7BFD612B8229E3001CA0EE /* Build configuration list for PBXNativeTarget "MySelf" */;
			buildPhases = (
				8D7BFD392B8229E2001CA0EE /* Sources */,
				8D7BFD3A2B8229E2001CA0EE /* Frameworks */,
				8D7BFD3B2B8229E2001CA0EE /* Resources */,
			);
			buildRules = (
			);
			dependencies = (
			);
			name = MySelf;
			packageProductDependencies = (
				8D7BFD6B2B822C09001CA0EE /* TCACoordinators */,
				8D7BFD6E2B822C15001CA0EE /* ComposableArchitecture */,
			);
			productName = MySelf;
			productReference = 8D7BFD3D2B8229E2001CA0EE /* MySelf.app */;
			productType = "com.apple.product-type.application";
		};
		8D7BFD4C2B8229E3001CA0EE /* MySelfTests */ = {
			isa = PBXNativeTarget;
			buildConfigurationList = 8D7BFD642B8229E3001CA0EE /* Build configuration list for PBXNativeTarget "MySelfTests" */;
			buildPhases = (
				8D7BFD492B8229E3001CA0EE /* Sources */,
				8D7BFD4A2B8229E3001CA0EE /* Frameworks */,
				8D7BFD4B2B8229E3001CA0EE /* Resources */,
			);
			buildRules = (
			);
			dependencies = (
				8D7BFD4F2B8229E3001CA0EE /* PBXTargetDependency */,
			);
			name = MySelfTests;
			productName = MySelfTests;
			productReference = 8D7BFD4D2B8229E3001CA0EE /* MySelfTests.xctest */;
			productType = "com.apple.product-type.bundle.unit-test";
		};
		8D7BFD562B8229E3001CA0EE /* MySelfUITests */ = {
			isa = PBXNativeTarget;
			buildConfigurationList = 8D7BFD672B8229E3001CA0EE /* Build configuration list for PBXNativeTarget "MySelfUITests" */;
			buildPhases = (
				8D7BFD532B8229E3001CA0EE /* Sources */,
				8D7BFD542B8229E3001CA0EE /* Frameworks */,
				8D7BFD552B8229E3001CA0EE /* Resources */,
			);
			buildRules = (
			);
			dependencies = (
				8D7BFD592B8229E3001CA0EE /* PBXTargetDependency */,
			);
			name = MySelfUITests;
			productName = MySelfUITests;
			productReference = 8D7BFD572B8229E3001CA0EE /* MySelfUITests.xctest */;
			productType = "com.apple.product-type.bundle.ui-testing";
		};
/* End PBXNativeTarget section */

/* Begin PBXProject section */
		8D7BFD352B8229E2001CA0EE /* Project object */ = {
			isa = PBXProject;
			attributes = {
				BuildIndependentTargetsInParallel = 1;
				LastSwiftUpdateCheck = 1520;
				LastUpgradeCheck = 1520;
				TargetAttributes = {
					8D7BFD3C2B8229E2001CA0EE = {
						CreatedOnToolsVersion = 15.2;
					};
					8D7BFD4C2B8229E3001CA0EE = {
						CreatedOnToolsVersion = 15.2;
						TestTargetID = 8D7BFD3C2B8229E2001CA0EE;
					};
					8D7BFD562B8229E3001CA0EE = {
						CreatedOnToolsVersion = 15.2;
						TestTargetID = 8D7BFD3C2B8229E2001CA0EE;
					};
				};
			};
			buildConfigurationList = 8D7BFD382B8229E2001CA0EE /* Build configuration list for PBXProject "MySelf" */;
			compatibilityVersion = "Xcode 14.0";
			developmentRegion = en;
			hasScannedForEncodings = 0;
			knownRegions = (
				en,
				Base,
			);
			mainGroup = 8D7BFD342B8229E2001CA0EE;
			packageReferences = (
				8D7BFD6A2B822C09001CA0EE /* XCRemoteSwiftPackageReference "TCACoordinators" */,
				8D7BFD6D2B822C15001CA0EE /* XCRemoteSwiftPackageReference "swift-composable-architecture" */,
			);
			productRefGroup = 8D7BFD3E2B8229E2001CA0EE /* Products */;
			projectDirPath = "";
			projectRoot = "";
			targets = (
				8D7BFD3C2B8229E2001CA0EE /* MySelf */,
				8D7BFD4C2B8229E3001CA0EE /* MySelfTests */,
				8D7BFD562B8229E3001CA0EE /* MySelfUITests */,
			);
		};
/* End PBXProject section */

/* Begin PBXResourcesBuildPhase section */
		8D7BFD3B2B8229E2001CA0EE /* Resources */ = {
			isa = PBXResourcesBuildPhase;
			buildActionMask = 2147483647;
			files = (
				8D7BFD482B8229E3001CA0EE /* Preview Assets.xcassets in Resources */,
				8D7BFD452B8229E3001CA0EE /* Assets.xcassets in Resources */,
			);
			runOnlyForDeploymentPostprocessing = 0;
		};
		8D7BFD4B2B8229E3001CA0EE /* Resources */ = {
			isa = PBXResourcesBuildPhase;
			buildActionMask = 2147483647;
			files = (
			);
			runOnlyForDeploymentPostprocessing = 0;
		};
		8D7BFD552B8229E3001CA0EE /* Resources */ = {
			isa = PBXResourcesBuildPhase;
			buildActionMask = 2147483647;
			files = (
			);
			runOnlyForDeploymentPostprocessing = 0;
		};
/* End PBXResourcesBuildPhase section */

/* Begin PBXSourcesBuildPhase section */
		8D7BFD392B8229E2001CA0EE /* Sources */ = {
			isa = PBXSourcesBuildPhase;
			buildActionMask = 2147483647;
			files = (
				8D7BFD432B8229E2001CA0EE /* ContentView.swift in Sources */,
				8D7BFD412B8229E2001CA0EE /* MySelfApp.swift in Sources */,
			);
			runOnlyForDeploymentPostprocessing = 0;
		};
		8D7BFD492B8229E3001CA0EE /* Sources */ = {
			isa = PBXSourcesBuildPhase;
			buildActionMask = 2147483647;
			files = (
				8D7BFD522B8229E3001CA0EE /* MySelfTests.swift in Sources */,
			);
			runOnlyForDeploymentPostprocessing = 0;
		};
		8D7BFD532B8229E3001CA0EE /* Sources */ = {
			isa = PBXSourcesBuildPhase;
			buildActionMask = 2147483647;
			files = (
				8D7BFD5E2B8229E3001CA0EE /* MySelfUITestsLaunchTests.swift in Sources */,
				8D7BFD5C2B8229E3001CA0EE /* MySelfUITests.swift in Sources */,
			);
			runOnlyForDeploymentPostprocessing = 0;
		};
/* End PBXSourcesBuildPhase section */

/* Begin PBXTargetDependency section */
		8D7BFD4F2B8229E3001CA0EE /* PBXTargetDependency */ = {
			isa = PBXTargetDependency;
			target = 8D7BFD3C2B8229E2001CA0EE /* MySelf */;
			targetProxy = 8D7BFD4E2B8229E3001CA0EE /* PBXContainerItemProxy */;
		};
		8D7BFD592B8229E3001CA0EE /* PBXTargetDependency */ = {
			isa = PBXTargetDependency;
			target = 8D7BFD3C2B8229E2001CA0EE /* MySelf */;
			targetProxy = 8D7BFD582B8229E3001CA0EE /* PBXContainerItemProxy */;
		};
/* End PBXTargetDependency section */

/* Begin XCBuildConfiguration section */
		8D7BFD5F2B8229E3001CA0EE /* Debug */ = {
			isa = XCBuildConfiguration;
			buildSettings = {
				ALWAYS_SEARCH_USER_PATHS = NO;
				ASSETCATALOG_COMPILER_GENERATE_SWIFT_ASSET_SYMBOL_EXTENSIONS = YES;
				CLANG_ANALYZER_NONNULL = YES;
				CLANG_ANALYZER_NUMBER_OBJECT_CONVERSION = YES_AGGRESSIVE;
				CLANG_CXX_LANGUAGE_STANDARD = "gnu++20";
				CLANG_ENABLE_MODULES = YES;
				CLANG_ENABLE_OBJC_ARC = YES;
				CLANG_ENABLE_OBJC_WEAK = YES;
				CLANG_WARN_BLOCK_CAPTURE_AUTORELEASING = YES;
				CLANG_WARN_BOOL_CONVERSION = YES;
				CLANG_WARN_COMMA = YES;
				CLANG_WARN_CONSTANT_CONVERSION = YES;
				CLANG_WARN_DEPRECATED_OBJC_IMPLEMENTATIONS = YES;
				CLANG_WARN_DIRECT_OBJC_ISA_USAGE = YES_ERROR;
				CLANG_WARN_DOCUMENTATION_COMMENTS = YES;
				CLANG_WARN_EMPTY_BODY = YES;
				CLANG_WARN_ENUM_CONVERSION = YES;
				CLANG_WARN_INFINITE_RECURSION = YES;
				CLANG_WARN_INT_CONVERSION = YES;
				CLANG_WARN_NON_LITERAL_NULL_CONVERSION = YES;
				CLANG_WARN_OBJC_IMPLICIT_RETAIN_SELF = YES;
				CLANG_WARN_OBJC_LITERAL_CONVERSION = YES;
				CLANG_WARN_OBJC_ROOT_CLASS = YES_ERROR;
				CLANG_WARN_QUOTED_INCLUDE_IN_FRAMEWORK_HEADER = YES;
				CLANG_WARN_RANGE_LOOP_ANALYSIS = YES;
				CLANG_WARN_STRICT_PROTOTYPES = YES;
				CLANG_WARN_SUSPICIOUS_MOVE = YES;
				CLANG_WARN_UNGUARDED_AVAILABILITY = YES_AGGRESSIVE;
				CLANG_WARN_UNREACHABLE_CODE = YES;
				CLANG_WARN__DUPLICATE_METHOD_MATCH = YES;
				COPY_PHASE_STRIP = NO;
				DEBUG_INFORMATION_FORMAT = dwarf;
				ENABLE_STRICT_OBJC_MSGSEND = YES;
				ENABLE_TESTABILITY = YES;
				ENABLE_USER_SCRIPT_SANDBOXING = YES;
				GCC_C_LANGUAGE_STANDARD = gnu17;
				GCC_DYNAMIC_NO_PIC = NO;
				GCC_NO_COMMON_BLOCKS = YES;
				GCC_OPTIMIZATION_LEVEL = 0;
				GCC_PREPROCESSOR_DEFINITIONS = (
					"DEBUG=1",
					"$(inherited)",
				);
				GCC_WARN_64_TO_32_BIT_CONVERSION = YES;
				GCC_WARN_ABOUT_RETURN_TYPE = YES_ERROR;
				GCC_WARN_UNDECLARED_SELECTOR = YES;
				GCC_WARN_UNINITIALIZED_AUTOS = YES_AGGRESSIVE;
				GCC_WARN_UNUSED_FUNCTION = YES;
				GCC_WARN_UNUSED_VARIABLE = YES;
				IPHONEOS_DEPLOYMENT_TARGET = 16.0;
				LOCALIZATION_PREFERS_STRING_CATALOGS = YES;
				MTL_ENABLE_DEBUG_INFO = INCLUDE_SOURCE;
				MTL_FAST_MATH = YES;
				ONLY_ACTIVE_ARCH = YES;
				SDKROOT = iphoneos;
				SWIFT_ACTIVE_COMPILATION_CONDITIONS = "DEBUG $(inherited)";
				SWIFT_OPTIMIZATION_LEVEL = "-Onone";
			};
			name = Debug;
		};
		8D7BFD602B8229E3001CA0EE /* Release */ = {
			isa = XCBuildConfiguration;
			buildSettings = {
				ALWAYS_SEARCH_USER_PATHS = NO;
				ASSETCATALOG_COMPILER_GENERATE_SWIFT_ASSET_SYMBOL_EXTENSIONS = YES;
				CLANG_ANALYZER_NONNULL = YES;
				CLANG_ANALYZER_NUMBER_OBJECT_CONVERSION = YES_AGGRESSIVE;
				CLANG_CXX_LANGUAGE_STANDARD = "gnu++20";
				CLANG_ENABLE_MODULES = YES;
				CLANG_ENABLE_OBJC_ARC = YES;
				CLANG_ENABLE_OBJC_WEAK = YES;
				CLANG_WARN_BLOCK_CAPTURE_AUTORELEASING = YES;
				CLANG_WARN_BOOL_CONVERSION = YES;
				CLANG_WARN_COMMA = YES;
				CLANG_WARN_CONSTANT_CONVERSION = YES;
				CLANG_WARN_DEPRECATED_OBJC_IMPLEMENTATIONS = YES;
				CLANG_WARN_DIRECT_OBJC_ISA_USAGE = YES_ERROR;
				CLANG_WARN_DOCUMENTATION_COMMENTS = YES;
				CLANG_WARN_EMPTY_BODY = YES;
				CLANG_WARN_ENUM_CONVERSION = YES;
				CLANG_WARN_INFINITE_RECURSION = YES;
				CLANG_WARN_INT_CONVERSION = YES;
				CLANG_WARN_NON_LITERAL_NULL_CONVERSION = YES;
				CLANG_WARN_OBJC_IMPLICIT_RETAIN_SELF = YES;
				CLANG_WARN_OBJC_LITERAL_CONVERSION = YES;
				CLANG_WARN_OBJC_ROOT_CLASS = YES_ERROR;
				CLANG_WARN_QUOTED_INCLUDE_IN_FRAMEWORK_HEADER = YES;
				CLANG_WARN_RANGE_LOOP_ANALYSIS = YES;
				CLANG_WARN_STRICT_PROTOTYPES = YES;
				CLANG_WARN_SUSPICIOUS_MOVE = YES;
				CLANG_WARN_UNGUARDED_AVAILABILITY = YES_AGGRESSIVE;
				CLANG_WARN_UNREACHABLE_CODE = YES;
				CLANG_WARN__DUPLICATE_METHOD_MATCH = YES;
				COPY_PHASE_STRIP = NO;
				DEBUG_INFORMATION_FORMAT = "dwarf-with-dsym";
				ENABLE_NS_ASSERTIONS = NO;
				ENABLE_STRICT_OBJC_MSGSEND = YES;
				ENABLE_USER_SCRIPT_SANDBOXING = YES;
				GCC_C_LANGUAGE_STANDARD = gnu17;
				GCC_NO_COMMON_BLOCKS = YES;
				GCC_WARN_64_TO_32_BIT_CONVERSION = YES;
				GCC_WARN_ABOUT_RETURN_TYPE = YES_ERROR;
				GCC_WARN_UNDECLARED_SELECTOR = YES;
				GCC_WARN_UNINITIALIZED_AUTOS = YES_AGGRESSIVE;
				GCC_WARN_UNUSED_FUNCTION = YES;
				GCC_WARN_UNUSED_VARIABLE = YES;
				IPHONEOS_DEPLOYMENT_TARGET = 16.0;
				LOCALIZATION_PREFERS_STRING_CATALOGS = YES;
				MTL_ENABLE_DEBUG_INFO = NO;
				MTL_FAST_MATH = YES;
				SDKROOT = iphoneos;
				SWIFT_COMPILATION_MODE = wholemodule;
				VALIDATE_PRODUCT = YES;
			};
			name = Release;
		};
		8D7BFD622B8229E3001CA0EE /* Debug */ = {
			isa = XCBuildConfiguration;
			buildSettings = {
				ASSETCATALOG_COMPILER_APPICON_NAME = AppIcon;
				ASSETCATALOG_COMPILER_GLOBAL_ACCENT_COLOR_NAME = AccentColor;
				CODE_SIGN_STYLE = Automatic;
				CURRENT_PROJECT_VERSION = 1;
				DEVELOPMENT_ASSET_PATHS = "\"MySelf/Preview Content\"";
				DEVELOPMENT_TEAM = GMHUACJXLZ;
				ENABLE_PREVIEWS = YES;
				GENERATE_INFOPLIST_FILE = YES;
				INFOPLIST_KEY_CFBundleDisplayName = MySelf;
				INFOPLIST_KEY_UIApplicationSceneManifest_Generation = YES;
				INFOPLIST_KEY_UIApplicationSupportsIndirectInputEvents = YES;
				INFOPLIST_KEY_UILaunchScreen_Generation = YES;
				INFOPLIST_KEY_UIStatusBarStyle = "";
				INFOPLIST_KEY_UISupportedInterfaceOrientations = UIInterfaceOrientationPortrait;
				IPHONEOS_DEPLOYMENT_TARGET = 16.0;
				LD_RUNPATH_SEARCH_PATHS = (
					"$(inherited)",
					"@executable_path/Frameworks",
				);
				MARKETING_VERSION = 1.0;
				PRODUCT_BUNDLE_IDENTIFIER = com.lonalia.MySelf;
				PRODUCT_NAME = "$(TARGET_NAME)";
				SWIFT_EMIT_LOC_STRINGS = YES;
				SWIFT_VERSION = 5.0;
				TARGETED_DEVICE_FAMILY = "1,2";
			};
			name = Debug;
		};
		8D7BFD632B8229E3001CA0EE /* Release */ = {
			isa = XCBuildConfiguration;
			buildSettings = {
				ASSETCATALOG_COMPILER_APPICON_NAME = AppIcon;
				ASSETCATALOG_COMPILER_GLOBAL_ACCENT_COLOR_NAME = AccentColor;
				CODE_SIGN_STYLE = Automatic;
				CURRENT_PROJECT_VERSION = 1;
				DEVELOPMENT_ASSET_PATHS = "\"MySelf/Preview Content\"";
				DEVELOPMENT_TEAM = GMHUACJXLZ;
				ENABLE_PREVIEWS = YES;
				GENERATE_INFOPLIST_FILE = YES;
				INFOPLIST_KEY_CFBundleDisplayName = MySelf;
				INFOPLIST_KEY_UIApplicationSceneManifest_Generation = YES;
				INFOPLIST_KEY_UIApplicationSupportsIndirectInputEvents = YES;
				INFOPLIST_KEY_UILaunchScreen_Generation = YES;
				INFOPLIST_KEY_UIStatusBarStyle = "";
				INFOPLIST_KEY_UISupportedInterfaceOrientations = UIInterfaceOrientationPortrait;
				IPHONEOS_DEPLOYMENT_TARGET = 16.0;
				LD_RUNPATH_SEARCH_PATHS = (
					"$(inherited)",
					"@executable_path/Frameworks",
				);
				MARKETING_VERSION = 1.0;
				PRODUCT_BUNDLE_IDENTIFIER = com.lonalia.MySelf;
				PRODUCT_NAME = "$(TARGET_NAME)";
				SWIFT_EMIT_LOC_STRINGS = YES;
				SWIFT_VERSION = 5.0;
				TARGETED_DEVICE_FAMILY = "1,2";
			};
			name = Release;
		};
		8D7BFD652B8229E3001CA0EE /* Debug */ = {
			isa = XCBuildConfiguration;
			buildSettings = {
				ALWAYS_EMBED_SWIFT_STANDARD_LIBRARIES = YES;
				BUNDLE_LOADER = "$(TEST_HOST)";
				CODE_SIGN_STYLE = Automatic;
				CURRENT_PROJECT_VERSION = 1;
				DEVELOPMENT_TEAM = GMHUACJXLZ;
				GENERATE_INFOPLIST_FILE = YES;
				IPHONEOS_DEPLOYMENT_TARGET = 16.0;
				MARKETING_VERSION = 1.0;
				PRODUCT_BUNDLE_IDENTIFIER = com.lonalia.MySelfTests;
				PRODUCT_NAME = "$(TARGET_NAME)";
				SWIFT_EMIT_LOC_STRINGS = NO;
				SWIFT_VERSION = 5.0;
				TARGETED_DEVICE_FAMILY = "1,2";
				TEST_HOST = "$(BUILT_PRODUCTS_DIR)/MySelf.app/$(BUNDLE_EXECUTABLE_FOLDER_PATH)/MySelf";
			};
			name = Debug;
		};
		8D7BFD662B8229E3001CA0EE /* Release */ = {
			isa = XCBuildConfiguration;
			buildSettings = {
				ALWAYS_EMBED_SWIFT_STANDARD_LIBRARIES = YES;
				BUNDLE_LOADER = "$(TEST_HOST)";
				CODE_SIGN_STYLE = Automatic;
				CURRENT_PROJECT_VERSION = 1;
				DEVELOPMENT_TEAM = GMHUACJXLZ;
				GENERATE_INFOPLIST_FILE = YES;
				IPHONEOS_DEPLOYMENT_TARGET = 16.0;
				MARKETING_VERSION = 1.0;
				PRODUCT_BUNDLE_IDENTIFIER = com.lonalia.MySelfTests;
				PRODUCT_NAME = "$(TARGET_NAME)";
				SWIFT_EMIT_LOC_STRINGS = NO;
				SWIFT_VERSION = 5.0;
				TARGETED_DEVICE_FAMILY = "1,2";
				TEST_HOST = "$(BUILT_PRODUCTS_DIR)/MySelf.app/$(BUNDLE_EXECUTABLE_FOLDER_PATH)/MySelf";
			};
			name = Release;
		};
		8D7BFD682B8229E3001CA0EE /* Debug */ = {
			isa = XCBuildConfiguration;
			buildSettings = {
				ALWAYS_EMBED_SWIFT_STANDARD_LIBRARIES = YES;
				CODE_SIGN_STYLE = Automatic;
				CURRENT_PROJECT_VERSION = 1;
				DEVELOPMENT_TEAM = GMHUACJXLZ;
				GENERATE_INFOPLIST_FILE = YES;
				IPHONEOS_DEPLOYMENT_TARGET = 16.0;
				MARKETING_VERSION = 1.0;
				PRODUCT_BUNDLE_IDENTIFIER = com.lonalia.MySelfUITests;
				PRODUCT_NAME = "$(TARGET_NAME)";
				SWIFT_EMIT_LOC_STRINGS = NO;
				SWIFT_VERSION = 5.0;
				TARGETED_DEVICE_FAMILY = "1,2";
				TEST_TARGET_NAME = MySelf;
			};
			name = Debug;
		};
		8D7BFD692B8229E3001CA0EE /* Release */ = {
			isa = XCBuildConfiguration;
			buildSettings = {
				ALWAYS_EMBED_SWIFT_STANDARD_LIBRARIES = YES;
				CODE_SIGN_STYLE = Automatic;
				CURRENT_PROJECT_VERSION = 1;
				DEVELOPMENT_TEAM = GMHUACJXLZ;
				GENERATE_INFOPLIST_FILE = YES;
				IPHONEOS_DEPLOYMENT_TARGET = 16.0;
				MARKETING_VERSION = 1.0;
				PRODUCT_BUNDLE_IDENTIFIER = com.lonalia.MySelfUITests;
				PRODUCT_NAME = "$(TARGET_NAME)";
				SWIFT_EMIT_LOC_STRINGS = NO;
				SWIFT_VERSION = 5.0;
				TARGETED_DEVICE_FAMILY = "1,2";
				TEST_TARGET_NAME = MySelf;
			};
			name = Release;
		};
/* End XCBuildConfiguration section */

/* Begin XCConfigurationList section */
		8D7BFD382B8229E2001CA0EE /* Build configuration list for PBXProject "MySelf" */ = {
			isa = XCConfigurationList;
			buildConfigurations = (
				8D7BFD5F2B8229E3001CA0EE /* Debug */,
				8D7BFD602B8229E3001CA0EE /* Release */,
			);
			defaultConfigurationIsVisible = 0;
			defaultConfigurationName = Release;
		};
		8D7BFD612B8229E3001CA0EE /* Build configuration list for PBXNativeTarget "MySelf" */ = {
			isa = XCConfigurationList;
			buildConfigurations = (
				8D7BFD622B8229E3001CA0EE /* Debug */,
				8D7BFD632B8229E3001CA0EE /* Release */,
			);
			defaultConfigurationIsVisible = 0;
			defaultConfigurationName = Release;
		};
		8D7BFD642B8229E3001CA0EE /* Build configuration list for PBXNativeTarget "MySelfTests" */ = {
			isa = XCConfigurationList;
			buildConfigurations = (
				8D7BFD652B8229E3001CA0EE /* Debug */,
				8D7BFD662B8229E3001CA0EE /* Release */,
			);
			defaultConfigurationIsVisible = 0;
			defaultConfigurationName = Release;
		};
		8D7BFD672B8229E3001CA0EE /* Build configuration list for PBXNativeTarget "MySelfUITests" */ = {
			isa = XCConfigurationList;
			buildConfigurations = (
				8D7BFD682B8229E3001CA0EE /* Debug */,
				8D7BFD692B8229E3001CA0EE /* Release */,
			);
			defaultConfigurationIsVisible = 0;
			defaultConfigurationName = Release;
		};
/* End XCConfigurationList section */

/* Begin XCRemoteSwiftPackageReference section */
		8D7BFD6A2B822C09001CA0EE /* XCRemoteSwiftPackageReference "TCACoordinators" */ = {
			isa = XCRemoteSwiftPackageReference;
			repositoryURL = "https://github.com/johnpatrickmorgan/TCACoordinators";
			requirement = {
				kind = upToNextMajorVersion;
				minimumVersion = 0.8.0;
			};
		};
		8D7BFD6D2B822C15001CA0EE /* XCRemoteSwiftPackageReference "swift-composable-architecture" */ = {
			isa = XCRemoteSwiftPackageReference;
			repositoryURL = "https://github.com/pointfreeco/swift-composable-architecture";
			requirement = {
				kind = upToNextMajorVersion;
				minimumVersion = 1.8.0;
			};
		};
/* End XCRemoteSwiftPackageReference section */

/* Begin XCSwiftPackageProductDependency section */
		8D7BFD6B2B822C09001CA0EE /* TCACoordinators */ = {
			isa = XCSwiftPackageProductDependency;
			package = 8D7BFD6A2B822C09001CA0EE /* XCRemoteSwiftPackageReference "TCACoordinators" */;
			productName = TCACoordinators;
		};
		8D7BFD6E2B822C15001CA0EE /* ComposableArchitecture */ = {
			isa = XCSwiftPackageProductDependency;
			package = 8D7BFD6D2B822C15001CA0EE /* XCRemoteSwiftPackageReference "swift-composable-architecture" */;
			productName = ComposableArchitecture;
		};
/* End XCSwiftPackageProductDependency section */
	};
	rootObject = 8D7BFD352B8229E2001CA0EE /* Project object */;
}
